// !$*UTF8*$!
{
	archiveVersion = 1;
	classes = {
	};
	objectVersion = 47;
	objects = {

/* Begin PBXBuildFile section */
		2D374F2F1E880E7300AE2A81 /* BluesnapSDKTests.swift in Sources */ = {isa = PBXBuildFile; fileRef = 2D374F2E1E880E7300AE2A81 /* BluesnapSDKTests.swift */; };
		2D374F311E880E7300AE2A81 /* BluesnapSDK.h in Headers */ = {isa = PBXBuildFile; fileRef = 2D374F231E880E7200AE2A81 /* BluesnapSDK.h */; settings = {ATTRIBUTES = (Public, ); }; };
		2D374F491E880EF100AE2A81 /* BSCurrencyModel.swift in Sources */ = {isa = PBXBuildFile; fileRef = 2D374F3E1E880EF100AE2A81 /* BSCurrencyModel.swift */; };
		2D374F4C1E880EF100AE2A81 /* BSToken.swift in Sources */ = {isa = PBXBuildFile; fileRef = 2D374F411E880EF100AE2A81 /* BSToken.swift */; };
		2D374F4D1E880EF100AE2A81 /* BlueSnapSDK.swift in Sources */ = {isa = PBXBuildFile; fileRef = 2D374F421E880EF100AE2A81 /* BlueSnapSDK.swift */; };
		2D779B821F8CABBA003E889A /* Kount in Resources */ = {isa = PBXBuildFile; fileRef = 2D779B811F8CABBA003E889A /* Kount */; };
		2DADB9D51EC31F3200C1A2D2 /* BlueSnap.storyboard in Resources */ = {isa = PBXBuildFile; fileRef = 2DADB9D71EC31F3200C1A2D2 /* BlueSnap.storyboard */; };
		2DBB606B1F8CB8F800E80254 /* libKountDataCollector.a in Frameworks */ = {isa = PBXBuildFile; fileRef = 2DBB606A1F8CB8F800E80254 /* libKountDataCollector.a */; };
		2DD7F11D1E8828B2002C5571 /* BluesnapSDK.framework in Frameworks */ = {isa = PBXBuildFile; fileRef = 2D374F201E880E7200AE2A81 /* BluesnapSDK.framework */; };
		DEB03A9C85F648C1BCBDEC42 /* Kount-Bridging-Header.h in Headers */ = {isa = PBXBuildFile; fileRef = DEB84D43DE95794744F74D97 /* Kount-Bridging-Header.h */; };
		DEB2956B373F197BF3547EC7 /* KDataCollector.h in Headers */ = {isa = PBXBuildFile; fileRef = DEBEC07006625D7C0FFAF7B2 /* KDataCollector.h */; settings = {ATTRIBUTES = (Public, ); }; };
		DEB2DD0B164B99C6E7DE417C /* BSApplepayViewController.swift in Sources */ = {isa = PBXBuildFile; fileRef = DEB753629162521B2FF3F4AC /* BSApplepayViewController.swift */; };
		DEB3C8BC3806435452EEB052 /* BSApplepayOperation.swift in Sources */ = {isa = PBXBuildFile; fileRef = DEBB2573B8147400F955D593 /* BSApplepayOperation.swift */; };
		DEBAC1114FFA55F1852DCB78 /* BSPKContactExtention.swift in Sources */ = {isa = PBXBuildFile; fileRef = DEBD647E04FF2D871818D06F /* BSPKContactExtention.swift */; };
		DEBB1FD893E6CC8FA16D5F60 /* BSApplepayPayment.swift in Sources */ = {isa = PBXBuildFile; fileRef = DEB739342E9A635BBD2878B9 /* BSApplepayPayment.swift */; };
		FD0888311FAB3259001EED4C /* BSExistingCcUIView.swift in Sources */ = {isa = PBXBuildFile; fileRef = FD0888301FAB3259001EED4C /* BSExistingCcUIView.swift */; };
		FD0888351FAB5152001EED4C /* BSBaseBoxWithShadowView.swift in Sources */ = {isa = PBXBuildFile; fileRef = FD0888341FAB5152001EED4C /* BSBaseBoxWithShadowView.swift */; };
		FD0888371FAB56A6001EED4C /* BSPaymentTypeView.swift in Sources */ = {isa = PBXBuildFile; fileRef = FD0888361FAB56A6001EED4C /* BSPaymentTypeView.swift */; };
		FD0D34321ED2A62A005F03CB /* BSBaseTextInput.swift in Sources */ = {isa = PBXBuildFile; fileRef = FD0D34311ED2A629005F03CB /* BSBaseTextInput.swift */; };
		FD0D34341ED2AB58005F03CB /* BSCcInputLine.swift in Sources */ = {isa = PBXBuildFile; fileRef = FD0D34331ED2AB58005F03CB /* BSCcInputLine.swift */; };
		FD1ACDEB1E9F59B40010C983 /* BSCurrenciesViewController.swift in Sources */ = {isa = PBXBuildFile; fileRef = FD1ACDEA1E9F59B40010C983 /* BSCurrenciesViewController.swift */; };
		FD1ACDED1E9F66170010C983 /* BSCurrencyTableViewCell.swift in Sources */ = {isa = PBXBuildFile; fileRef = FD1ACDEC1E9F66170010C983 /* BSCurrencyTableViewCell.swift */; };
		FD1ACDEF1EA5E0150010C983 /* BSPurchaseDataModel.swift in Sources */ = {isa = PBXBuildFile; fileRef = FD1ACDEE1EA5E0150010C983 /* BSPurchaseDataModel.swift */; };
		FD1F7B8D1ECC68A300C22DEB /* BSInputLine.swift in Sources */ = {isa = PBXBuildFile; fileRef = FD1F7B8C1ECC68A300C22DEB /* BSInputLine.swift */; };
		FD3BD9D21EE7F7DD00486576 /* BSErrors.swift in Sources */ = {isa = PBXBuildFile; fileRef = FD3BD9D11EE7F7DD00486576 /* BSErrors.swift */; };
		FD43A0AF1ECC2367000BF7A1 /* BSStartViewController.swift in Sources */ = {isa = PBXBuildFile; fileRef = FD43A0AE1ECC2367000BF7A1 /* BSStartViewController.swift */; };
		FD461F581F4073FC0050F0FD /* BSLocalizedStrings.swift in Sources */ = {isa = PBXBuildFile; fileRef = FD461F571F4073FC0050F0FD /* BSLocalizedStrings.swift */; };
		FD461F5A1F41A99D0050F0FD /* BSSubtotalUIView.swift in Sources */ = {isa = PBXBuildFile; fileRef = FD461F591F41A99D0050F0FD /* BSSubtotalUIView.swift */; };
		FD4750B81EF7C50000E5DFBC /* BSStringUtils.swift in Sources */ = {isa = PBXBuildFile; fileRef = FD4750B71EF7C50000E5DFBC /* BSStringUtils.swift */; };
		FD4750BB1EF8EECE00E5DFBC /* BSImageLibrary.swift in Sources */ = {isa = PBXBuildFile; fileRef = FD4750BA1EF8EECE00E5DFBC /* BSImageLibrary.swift */; };
		FD4A14C71E96068300EDBFC0 /* BSApiManager.swift in Sources */ = {isa = PBXBuildFile; fileRef = FD4A14C61E96068300EDBFC0 /* BSApiManager.swift */; };
		FD4D4D421EB1BBED00D40B2A /* BSStatesViewController.swift in Sources */ = {isa = PBXBuildFile; fileRef = FD4D4D411EB1BBED00D40B2A /* BSStatesViewController.swift */; };
		FD5022961F691D9300C820AC /* BSApiCaller.swift in Sources */ = {isa = PBXBuildFile; fileRef = FD5022951F691D9300C820AC /* BSApiCaller.swift */; };
		FD52D50E1EBF3F6500360863 /* BSStateTableViewCell.swift in Sources */ = {isa = PBXBuildFile; fileRef = FD52D50D1EBF3F6500360863 /* BSStateTableViewCell.swift */; };
		FD53ABB01EBDFCEB0055C34D /* Media.xcassets in Resources */ = {isa = PBXBuildFile; fileRef = FD53ABAF1EBDFCEB0055C34D /* Media.xcassets */; };
		FD54FE022051530D005D952F /* BSTokenizeRequest.swift in Sources */ = {isa = PBXBuildFile; fileRef = FD54FE012051530D005D952F /* BSTokenizeRequest.swift */; };
		FD6479F11FB9C5A900403E7D /* BSSdkConfiguration.swift in Sources */ = {isa = PBXBuildFile; fileRef = FD6479F01FB9C5A900403E7D /* BSSdkConfiguration.swift */; };
		FD6479F31FBC37D900403E7D /* BSCurrencyTests.swift in Sources */ = {isa = PBXBuildFile; fileRef = FD6479F21FBC37D900403E7D /* BSCurrencyTests.swift */; };
		FD6814531F30590600FAE1ED /* BSPaypalHandler.swift in Sources */ = {isa = PBXBuildFile; fileRef = FD6814521F30590600FAE1ED /* BSPaypalHandler.swift */; };
		FD6814551F3071A200FAE1ED /* BSWebViewController.swift in Sources */ = {isa = PBXBuildFile; fileRef = FD6814541F3071A200FAE1ED /* BSWebViewController.swift */; };
		FD6814571F33248000FAE1ED /* BSBaseListController.swift in Sources */ = {isa = PBXBuildFile; fileRef = FD6814561F33248000FAE1ED /* BSBaseListController.swift */; };
		FD68145B1F38732800FAE1ED /* BSAddress.swift in Sources */ = {isa = PBXBuildFile; fileRef = FD68145A1F38732800FAE1ED /* BSAddress.swift */; };
		FD68145D1F38762E00FAE1ED /* BSCcPayment.swift in Sources */ = {isa = PBXBuildFile; fileRef = FD68145C1F38762E00FAE1ED /* BSCcPayment.swift */; };
		FD68145F1F38769300FAE1ED /* BSPayPalPayment.swift in Sources */ = {isa = PBXBuildFile; fileRef = FD68145E1F38769300FAE1ED /* BSPayPalPayment.swift */; };
		FD6814621F40419C00FAE1ED /* BSLocalizable.strings in Resources */ = {isa = PBXBuildFile; fileRef = FD6814641F40419C00FAE1ED /* BSLocalizable.strings */; };
		FD9197431F49630E008C266A /* BSApiManagerTests.swift in Sources */ = {isa = PBXBuildFile; fileRef = FD9197421F49630E008C266A /* BSApiManagerTests.swift */; };
		FD9197451F496C04008C266A /* BSStringUtilssTests.swift in Sources */ = {isa = PBXBuildFile; fileRef = FD9197441F496C04008C266A /* BSStringUtilssTests.swift */; };
		FD9197471F49B649008C266A /* BSValidatorTests.swift in Sources */ = {isa = PBXBuildFile; fileRef = FD9197461F49B649008C266A /* BSValidatorTests.swift */; };
		FD919B531FB04C9A00CFDEE9 /* BSExistingCCViewController.swift in Sources */ = {isa = PBXBuildFile; fileRef = FD919B521FB04C9A00CFDEE9 /* BSExistingCCViewController.swift */; };
		FDA0772D1EAC8EAE0045E920 /* BSCountryManager.swift in Sources */ = {isa = PBXBuildFile; fileRef = FDA0772C1EAC8EAE0045E920 /* BSCountryManager.swift */; };
		FDA0772F1EAC91990045E920 /* BSCountryViewController.swift in Sources */ = {isa = PBXBuildFile; fileRef = FDA0772E1EAC91990045E920 /* BSCountryViewController.swift */; };
		FDA077311EAC94CF0045E920 /* BSCountryTableViewCell.swift in Sources */ = {isa = PBXBuildFile; fileRef = FDA077301EAC94CF0045E920 /* BSCountryTableViewCell.swift */; };
		FDA077331EACACD50045E920 /* BSViewsManager.swift in Sources */ = {isa = PBXBuildFile; fileRef = FDA077321EACACD50045E920 /* BSViewsManager.swift */; };
		FDA6BE311E938B63006C3359 /* BSValidator.swift in Sources */ = {isa = PBXBuildFile; fileRef = FDA6BE301E938B63006C3359 /* BSValidator.swift */; };
		FDAB3AC21ECDAE9600AC8A71 /* BSShippingViewController.swift in Sources */ = {isa = PBXBuildFile; fileRef = FDAB3AC11ECDAE9600AC8A71 /* BSShippingViewController.swift */; };
		FDF630881ED1AA2A00BE6F48 /* BSPaymentViewController.swift in Sources */ = {isa = PBXBuildFile; fileRef = FDF630871ED1AA2A00BE6F48 /* BSPaymentViewController.swift */; };
/* End PBXBuildFile section */

/* Begin PBXContainerItemProxy section */
		2D374F2B1E880E7300AE2A81 /* PBXContainerItemProxy */ = {
			isa = PBXContainerItemProxy;
			containerPortal = 2D374F171E880E7200AE2A81 /* Project object */;
			proxyType = 1;
			remoteGlobalIDString = 2D374F1F1E880E7200AE2A81;
			remoteInfo = BluesnapSDK;
		};
/* End PBXContainerItemProxy section */

/* Begin PBXFileReference section */
		2D374F201E880E7200AE2A81 /* BluesnapSDK.framework */ = {isa = PBXFileReference; explicitFileType = wrapper.framework; includeInIndex = 0; path = BluesnapSDK.framework; sourceTree = BUILT_PRODUCTS_DIR; };
		2D374F231E880E7200AE2A81 /* BluesnapSDK.h */ = {isa = PBXFileReference; lastKnownFileType = sourcecode.c.h; path = BluesnapSDK.h; sourceTree = "<group>"; };
		2D374F241E880E7200AE2A81 /* Info.plist */ = {isa = PBXFileReference; lastKnownFileType = text.plist.xml; path = Info.plist; sourceTree = "<group>"; };
		2D374F291E880E7300AE2A81 /* BluesnapSDKTests.xctest */ = {isa = PBXFileReference; explicitFileType = wrapper.cfbundle; includeInIndex = 0; path = BluesnapSDKTests.xctest; sourceTree = BUILT_PRODUCTS_DIR; };
		2D374F2E1E880E7300AE2A81 /* BluesnapSDKTests.swift */ = {isa = PBXFileReference; lastKnownFileType = sourcecode.swift; path = BluesnapSDKTests.swift; sourceTree = "<group>"; };
		2D374F301E880E7300AE2A81 /* Info.plist */ = {isa = PBXFileReference; lastKnownFileType = text.plist.xml; path = Info.plist; sourceTree = "<group>"; };
		2D374F3E1E880EF100AE2A81 /* BSCurrencyModel.swift */ = {isa = PBXFileReference; fileEncoding = 4; lastKnownFileType = sourcecode.swift; path = BSCurrencyModel.swift; sourceTree = "<group>"; };
		2D374F411E880EF100AE2A81 /* BSToken.swift */ = {isa = PBXFileReference; fileEncoding = 4; lastKnownFileType = sourcecode.swift; path = BSToken.swift; sourceTree = "<group>"; };
		2D374F421E880EF100AE2A81 /* BlueSnapSDK.swift */ = {isa = PBXFileReference; fileEncoding = 4; lastKnownFileType = sourcecode.swift; path = BlueSnapSDK.swift; sourceTree = "<group>"; };
		2D779B811F8CABBA003E889A /* Kount */ = {isa = PBXFileReference; lastKnownFileType = folder; path = Kount; sourceTree = SOURCE_ROOT; };
		2DADB9D81EC31F4200C1A2D2 /* Base */ = {isa = PBXFileReference; lastKnownFileType = file.storyboard; name = Base; path = Base.lproj/BlueSnap.storyboard; sourceTree = "<group>"; };
		2DBB606A1F8CB8F800E80254 /* libKountDataCollector.a */ = {isa = PBXFileReference; lastKnownFileType = archive.ar; path = libKountDataCollector.a; sourceTree = "<group>"; };
		DEB739342E9A635BBD2878B9 /* BSApplepayPayment.swift */ = {isa = PBXFileReference; fileEncoding = 4; lastKnownFileType = sourcecode.swift; path = BSApplepayPayment.swift; sourceTree = "<group>"; };
		DEB753629162521B2FF3F4AC /* BSApplepayViewController.swift */ = {isa = PBXFileReference; fileEncoding = 4; lastKnownFileType = sourcecode.swift; path = BSApplepayViewController.swift; sourceTree = "<group>"; };
		DEB84D43DE95794744F74D97 /* Kount-Bridging-Header.h */ = {isa = PBXFileReference; fileEncoding = 4; lastKnownFileType = sourcecode.c.h; path = "Kount-Bridging-Header.h"; sourceTree = "<group>"; };
		DEBB2573B8147400F955D593 /* BSApplepayOperation.swift */ = {isa = PBXFileReference; fileEncoding = 4; lastKnownFileType = sourcecode.swift; path = BSApplepayOperation.swift; sourceTree = "<group>"; };
		DEBD647E04FF2D871818D06F /* BSPKContactExtention.swift */ = {isa = PBXFileReference; fileEncoding = 4; lastKnownFileType = sourcecode.swift; path = BSPKContactExtention.swift; sourceTree = "<group>"; };
		DEBEC07006625D7C0FFAF7B2 /* KDataCollector.h */ = {isa = PBXFileReference; fileEncoding = 4; lastKnownFileType = sourcecode.c.h; path = KDataCollector.h; sourceTree = "<group>"; };
		FD0888301FAB3259001EED4C /* BSExistingCcUIView.swift */ = {isa = PBXFileReference; fileEncoding = 4; lastKnownFileType = sourcecode.swift; path = BSExistingCcUIView.swift; sourceTree = "<group>"; };
		FD0888341FAB5152001EED4C /* BSBaseBoxWithShadowView.swift */ = {isa = PBXFileReference; fileEncoding = 4; lastKnownFileType = sourcecode.swift; path = BSBaseBoxWithShadowView.swift; sourceTree = "<group>"; };
		FD0888361FAB56A6001EED4C /* BSPaymentTypeView.swift */ = {isa = PBXFileReference; fileEncoding = 4; lastKnownFileType = sourcecode.swift; path = BSPaymentTypeView.swift; sourceTree = "<group>"; };
		FD0D34311ED2A629005F03CB /* BSBaseTextInput.swift */ = {isa = PBXFileReference; fileEncoding = 4; lastKnownFileType = sourcecode.swift; path = BSBaseTextInput.swift; sourceTree = "<group>"; };
		FD0D34331ED2AB58005F03CB /* BSCcInputLine.swift */ = {isa = PBXFileReference; fileEncoding = 4; lastKnownFileType = sourcecode.swift; path = BSCcInputLine.swift; sourceTree = "<group>"; };
		FD1ACDEA1E9F59B40010C983 /* BSCurrenciesViewController.swift */ = {isa = PBXFileReference; fileEncoding = 4; lastKnownFileType = sourcecode.swift; path = BSCurrenciesViewController.swift; sourceTree = "<group>"; };
		FD1ACDEC1E9F66170010C983 /* BSCurrencyTableViewCell.swift */ = {isa = PBXFileReference; fileEncoding = 4; lastKnownFileType = sourcecode.swift; path = BSCurrencyTableViewCell.swift; sourceTree = "<group>"; };
		FD1ACDEE1EA5E0150010C983 /* BSPurchaseDataModel.swift */ = {isa = PBXFileReference; fileEncoding = 4; lastKnownFileType = sourcecode.swift; path = BSPurchaseDataModel.swift; sourceTree = "<group>"; };
		FD1F7B8C1ECC68A300C22DEB /* BSInputLine.swift */ = {isa = PBXFileReference; fileEncoding = 4; lastKnownFileType = sourcecode.swift; path = BSInputLine.swift; sourceTree = "<group>"; };
		FD3BD9D11EE7F7DD00486576 /* BSErrors.swift */ = {isa = PBXFileReference; fileEncoding = 4; lastKnownFileType = sourcecode.swift; path = BSErrors.swift; sourceTree = "<group>"; };
		FD43A0AE1ECC2367000BF7A1 /* BSStartViewController.swift */ = {isa = PBXFileReference; fileEncoding = 4; lastKnownFileType = sourcecode.swift; path = BSStartViewController.swift; sourceTree = "<group>"; };
		FD461F571F4073FC0050F0FD /* BSLocalizedStrings.swift */ = {isa = PBXFileReference; fileEncoding = 4; lastKnownFileType = sourcecode.swift; path = BSLocalizedStrings.swift; sourceTree = "<group>"; };
		FD461F591F41A99D0050F0FD /* BSSubtotalUIView.swift */ = {isa = PBXFileReference; fileEncoding = 4; lastKnownFileType = sourcecode.swift; path = BSSubtotalUIView.swift; sourceTree = "<group>"; };
		FD461F5E1F42E0760050F0FD /* de */ = {isa = PBXFileReference; lastKnownFileType = text.plist.strings; name = de; path = de.lproj/BSLocalizable.strings; sourceTree = "<group>"; };
		FD4750B71EF7C50000E5DFBC /* BSStringUtils.swift */ = {isa = PBXFileReference; fileEncoding = 4; lastKnownFileType = sourcecode.swift; path = BSStringUtils.swift; sourceTree = "<group>"; };
		FD4750BA1EF8EECE00E5DFBC /* BSImageLibrary.swift */ = {isa = PBXFileReference; fileEncoding = 4; lastKnownFileType = sourcecode.swift; path = BSImageLibrary.swift; sourceTree = "<group>"; };
		FD4A14C61E96068300EDBFC0 /* BSApiManager.swift */ = {isa = PBXFileReference; fileEncoding = 4; lastKnownFileType = sourcecode.swift; path = BSApiManager.swift; sourceTree = "<group>"; };
		FD4D4D411EB1BBED00D40B2A /* BSStatesViewController.swift */ = {isa = PBXFileReference; fileEncoding = 4; lastKnownFileType = sourcecode.swift; path = BSStatesViewController.swift; sourceTree = "<group>"; };
		FD5022951F691D9300C820AC /* BSApiCaller.swift */ = {isa = PBXFileReference; fileEncoding = 4; lastKnownFileType = sourcecode.swift; path = BSApiCaller.swift; sourceTree = "<group>"; };
		FD52D50D1EBF3F6500360863 /* BSStateTableViewCell.swift */ = {isa = PBXFileReference; fileEncoding = 4; lastKnownFileType = sourcecode.swift; path = BSStateTableViewCell.swift; sourceTree = "<group>"; };
		FD53ABAF1EBDFCEB0055C34D /* Media.xcassets */ = {isa = PBXFileReference; lastKnownFileType = folder.assetcatalog; path = Media.xcassets; sourceTree = "<group>"; };
		FD54FE012051530D005D952F /* BSTokenizeRequest.swift */ = {isa = PBXFileReference; lastKnownFileType = sourcecode.swift; path = BSTokenizeRequest.swift; sourceTree = "<group>"; };
		FD6479F01FB9C5A900403E7D /* BSSdkConfiguration.swift */ = {isa = PBXFileReference; fileEncoding = 4; lastKnownFileType = sourcecode.swift; path = BSSdkConfiguration.swift; sourceTree = "<group>"; };
		FD6479F21FBC37D900403E7D /* BSCurrencyTests.swift */ = {isa = PBXFileReference; fileEncoding = 4; lastKnownFileType = sourcecode.swift; path = BSCurrencyTests.swift; sourceTree = "<group>"; };
		FD6814521F30590600FAE1ED /* BSPaypalHandler.swift */ = {isa = PBXFileReference; fileEncoding = 4; lastKnownFileType = sourcecode.swift; path = BSPaypalHandler.swift; sourceTree = "<group>"; };
		FD6814541F3071A200FAE1ED /* BSWebViewController.swift */ = {isa = PBXFileReference; fileEncoding = 4; lastKnownFileType = sourcecode.swift; path = BSWebViewController.swift; sourceTree = "<group>"; };
		FD6814561F33248000FAE1ED /* BSBaseListController.swift */ = {isa = PBXFileReference; fileEncoding = 4; lastKnownFileType = sourcecode.swift; path = BSBaseListController.swift; sourceTree = "<group>"; };
		FD68145A1F38732800FAE1ED /* BSAddress.swift */ = {isa = PBXFileReference; fileEncoding = 4; lastKnownFileType = sourcecode.swift; path = BSAddress.swift; sourceTree = "<group>"; };
		FD68145C1F38762E00FAE1ED /* BSCcPayment.swift */ = {isa = PBXFileReference; fileEncoding = 4; lastKnownFileType = sourcecode.swift; path = BSCcPayment.swift; sourceTree = "<group>"; };
		FD68145E1F38769300FAE1ED /* BSPayPalPayment.swift */ = {isa = PBXFileReference; fileEncoding = 4; lastKnownFileType = sourcecode.swift; path = BSPayPalPayment.swift; sourceTree = "<group>"; };
		FD6814661F4041B000FAE1ED /* Base */ = {isa = PBXFileReference; lastKnownFileType = text.plist.strings; name = Base; path = Base.lproj/BSLocalizable.strings; sourceTree = "<group>"; };
		FD91973D1F44667E008C266A /* en */ = {isa = PBXFileReference; lastKnownFileType = text.plist.strings; name = en; path = en.lproj/BSLocalizable.strings; sourceTree = "<group>"; };
		FD9197421F49630E008C266A /* BSApiManagerTests.swift */ = {isa = PBXFileReference; fileEncoding = 4; lastKnownFileType = sourcecode.swift; path = BSApiManagerTests.swift; sourceTree = "<group>"; };
		FD9197441F496C04008C266A /* BSStringUtilssTests.swift */ = {isa = PBXFileReference; fileEncoding = 4; lastKnownFileType = sourcecode.swift; path = BSStringUtilssTests.swift; sourceTree = "<group>"; };
		FD9197461F49B649008C266A /* BSValidatorTests.swift */ = {isa = PBXFileReference; fileEncoding = 4; lastKnownFileType = sourcecode.swift; path = BSValidatorTests.swift; sourceTree = "<group>"; };
		FD919B521FB04C9A00CFDEE9 /* BSExistingCCViewController.swift */ = {isa = PBXFileReference; fileEncoding = 4; lastKnownFileType = sourcecode.swift; path = BSExistingCCViewController.swift; sourceTree = "<group>"; };
		FDA0772C1EAC8EAE0045E920 /* BSCountryManager.swift */ = {isa = PBXFileReference; fileEncoding = 4; lastKnownFileType = sourcecode.swift; path = BSCountryManager.swift; sourceTree = "<group>"; };
		FDA0772E1EAC91990045E920 /* BSCountryViewController.swift */ = {isa = PBXFileReference; fileEncoding = 4; lastKnownFileType = sourcecode.swift; path = BSCountryViewController.swift; sourceTree = "<group>"; };
		FDA077301EAC94CF0045E920 /* BSCountryTableViewCell.swift */ = {isa = PBXFileReference; fileEncoding = 4; lastKnownFileType = sourcecode.swift; path = BSCountryTableViewCell.swift; sourceTree = "<group>"; };
		FDA077321EACACD50045E920 /* BSViewsManager.swift */ = {isa = PBXFileReference; fileEncoding = 4; lastKnownFileType = sourcecode.swift; path = BSViewsManager.swift; sourceTree = "<group>"; };
		FDA6BE301E938B63006C3359 /* BSValidator.swift */ = {isa = PBXFileReference; fileEncoding = 4; lastKnownFileType = sourcecode.swift; path = BSValidator.swift; sourceTree = "<group>"; };
		FDAB3AC11ECDAE9600AC8A71 /* BSShippingViewController.swift */ = {isa = PBXFileReference; fileEncoding = 4; lastKnownFileType = sourcecode.swift; path = BSShippingViewController.swift; sourceTree = "<group>"; };
		FDF630871ED1AA2A00BE6F48 /* BSPaymentViewController.swift */ = {isa = PBXFileReference; fileEncoding = 4; lastKnownFileType = sourcecode.swift; path = BSPaymentViewController.swift; sourceTree = "<group>"; };
		FDF8D7271F7A6FD400CE19A5 /* sq */ = {isa = PBXFileReference; lastKnownFileType = text.plist.strings; name = sq; path = sq.lproj/BSLocalizable.strings; sourceTree = "<group>"; };
		FDF8D7281F7A705500CE19A5 /* bg */ = {isa = PBXFileReference; lastKnownFileType = text.plist.strings; name = bg; path = bg.lproj/BSLocalizable.strings; sourceTree = "<group>"; };
		FDF8D7291F7A709100CE19A5 /* zh-Hans */ = {isa = PBXFileReference; lastKnownFileType = text.plist.strings; name = "zh-Hans"; path = "zh-Hans.lproj/BSLocalizable.strings"; sourceTree = "<group>"; };
		FDF8D72A1F7A70C600CE19A5 /* cs */ = {isa = PBXFileReference; lastKnownFileType = text.plist.strings; name = cs; path = cs.lproj/BSLocalizable.strings; sourceTree = "<group>"; };
		FDF8D72B1F7A70FD00CE19A5 /* da-DK */ = {isa = PBXFileReference; lastKnownFileType = text.plist.strings; name = "da-DK"; path = "da-DK.lproj/BSLocalizable.strings"; sourceTree = "<group>"; };
		FDF8D72C1F7A712300CE19A5 /* nl */ = {isa = PBXFileReference; lastKnownFileType = text.plist.strings; name = nl; path = nl.lproj/BSLocalizable.strings; sourceTree = "<group>"; };
		FDF8D72D1F7A714400CE19A5 /* fi */ = {isa = PBXFileReference; lastKnownFileType = text.plist.strings; name = fi; path = fi.lproj/BSLocalizable.strings; sourceTree = "<group>"; };
		FDF8D72E1F7A716300CE19A5 /* fr */ = {isa = PBXFileReference; lastKnownFileType = text.plist.strings; name = fr; path = fr.lproj/BSLocalizable.strings; sourceTree = "<group>"; };
		FDF8D72F1F7A719000CE19A5 /* hu */ = {isa = PBXFileReference; lastKnownFileType = text.plist.strings; name = hu; path = hu.lproj/BSLocalizable.strings; sourceTree = "<group>"; };
		FDF8D7301F7A71B000CE19A5 /* it */ = {isa = PBXFileReference; lastKnownFileType = text.plist.strings; name = it; path = it.lproj/BSLocalizable.strings; sourceTree = "<group>"; };
		FDF8D7311F7A71D400CE19A5 /* ja */ = {isa = PBXFileReference; lastKnownFileType = text.plist.strings; name = ja; path = ja.lproj/BSLocalizable.strings; sourceTree = "<group>"; };
		FDF8D7321F7A71EF00CE19A5 /* ko */ = {isa = PBXFileReference; lastKnownFileType = text.plist.strings; name = ko; path = ko.lproj/BSLocalizable.strings; sourceTree = "<group>"; };
		FDF8D7331F7A722100CE19A5 /* lt */ = {isa = PBXFileReference; lastKnownFileType = text.plist.strings; name = lt; path = lt.lproj/BSLocalizable.strings; sourceTree = "<group>"; };
		FDF8D7341F7A726100CE19A5 /* nb */ = {isa = PBXFileReference; lastKnownFileType = text.plist.strings; name = nb; path = nb.lproj/BSLocalizable.strings; sourceTree = "<group>"; };
		FDF8D7351F7A727D00CE19A5 /* pl */ = {isa = PBXFileReference; lastKnownFileType = text.plist.strings; name = pl; path = pl.lproj/BSLocalizable.strings; sourceTree = "<group>"; };
		FDF8D7361F7A729E00CE19A5 /* pt-PT */ = {isa = PBXFileReference; lastKnownFileType = text.plist.strings; name = "pt-PT"; path = "pt-PT.lproj/BSLocalizable.strings"; sourceTree = "<group>"; };
		FDF8D7371F7A72C600CE19A5 /* ru */ = {isa = PBXFileReference; lastKnownFileType = text.plist.strings; name = ru; path = ru.lproj/BSLocalizable.strings; sourceTree = "<group>"; };
		FDF8D7381F7A72F600CE19A5 /* sr */ = {isa = PBXFileReference; lastKnownFileType = text.plist.strings; name = sr; path = sr.lproj/BSLocalizable.strings; sourceTree = "<group>"; };
		FDF8D7391F7A732100CE19A5 /* sk */ = {isa = PBXFileReference; lastKnownFileType = text.plist.strings; name = sk; path = sk.lproj/BSLocalizable.strings; sourceTree = "<group>"; };
		FDF8D73A1F7A733D00CE19A5 /* es */ = {isa = PBXFileReference; lastKnownFileType = text.plist.strings; name = es; path = es.lproj/BSLocalizable.strings; sourceTree = "<group>"; };
		FDF8D73B1F7A736000CE19A5 /* sv */ = {isa = PBXFileReference; lastKnownFileType = text.plist.strings; name = sv; path = sv.lproj/BSLocalizable.strings; sourceTree = "<group>"; };
		FDF8D73C1F7A738900CE19A5 /* tr */ = {isa = PBXFileReference; lastKnownFileType = text.plist.strings; name = tr; path = tr.lproj/BSLocalizable.strings; sourceTree = "<group>"; };
/* End PBXFileReference section */

/* Begin PBXFrameworksBuildPhase section */
		2D374F1C1E880E7200AE2A81 /* Frameworks */ = {
			isa = PBXFrameworksBuildPhase;
			buildActionMask = 2147483647;
			files = (
				2DBB606B1F8CB8F800E80254 /* libKountDataCollector.a in Frameworks */,
			);
			runOnlyForDeploymentPostprocessing = 0;
		};
		2D374F261E880E7300AE2A81 /* Frameworks */ = {
			isa = PBXFrameworksBuildPhase;
			buildActionMask = 2147483647;
			files = (
				2DD7F11D1E8828B2002C5571 /* BluesnapSDK.framework in Frameworks */,
			);
			runOnlyForDeploymentPostprocessing = 0;
		};
/* End PBXFrameworksBuildPhase section */

/* Begin PBXGroup section */
		2D374F161E880E7200AE2A81 = {
			isa = PBXGroup;
			children = (
				2D374F221E880E7200AE2A81 /* BluesnapSDK */,
				2D374F2D1E880E7300AE2A81 /* BluesnapSDKTests */,
				2D374F211E880E7200AE2A81 /* Products */,
			);
			sourceTree = "<group>";
		};
		2D374F211E880E7200AE2A81 /* Products */ = {
			isa = PBXGroup;
			children = (
				2D374F201E880E7200AE2A81 /* BluesnapSDK.framework */,
				2D374F291E880E7300AE2A81 /* BluesnapSDKTests.xctest */,
			);
			name = Products;
			sourceTree = "<group>";
		};
		2D374F221E880E7200AE2A81 /* BluesnapSDK */ = {
			isa = PBXGroup;
			children = (
				2DBB606A1F8CB8F800E80254 /* libKountDataCollector.a */,
				2D779B811F8CABBA003E889A /* Kount */,
				FD4750B91EF7D62000E5DFBC /* Helpers */,
				FD4750B61EF2A0AE00E5DFBC /* CustomControls */,
				FD17062F1E93727D00552A35 /* Screens */,
				FD17062E1E93724000552A35 /* Handlers */,
				FD17062D1E9371FD00552A35 /* Model */,
				2D374F421E880EF100AE2A81 /* BlueSnapSDK.swift */,
				2DADB9D71EC31F3200C1A2D2 /* BlueSnap.storyboard */,
				2D374F231E880E7200AE2A81 /* BluesnapSDK.h */,
				2D374F241E880E7200AE2A81 /* Info.plist */,
				FD6814641F40419C00FAE1ED /* BSLocalizable.strings */,
				FD53ABAF1EBDFCEB0055C34D /* Media.xcassets */,
				DEBEC07006625D7C0FFAF7B2 /* KDataCollector.h */,
				DEB84D43DE95794744F74D97 /* Kount-Bridging-Header.h */,
			);
			path = BluesnapSDK;
			sourceTree = "<group>";
		};
		2D374F2D1E880E7300AE2A81 /* BluesnapSDKTests */ = {
			isa = PBXGroup;
			children = (
				2D374F2E1E880E7300AE2A81 /* BluesnapSDKTests.swift */,
				FD9197421F49630E008C266A /* BSApiManagerTests.swift */,
				FD9197441F496C04008C266A /* BSStringUtilssTests.swift */,
				FD9197461F49B649008C266A /* BSValidatorTests.swift */,
				FD6479F21FBC37D900403E7D /* BSCurrencyTests.swift */,
				2D374F301E880E7300AE2A81 /* Info.plist */,
			);
			path = BluesnapSDKTests;
			sourceTree = "<group>";
		};
		FD17062D1E9371FD00552A35 /* Model */ = {
			isa = PBXGroup;
			children = (
				2D374F411E880EF100AE2A81 /* BSToken.swift */,
				FD3BD9D11EE7F7DD00486576 /* BSErrors.swift */,
				FD68145A1F38732800FAE1ED /* BSAddress.swift */,
				FD1ACDEE1EA5E0150010C983 /* BSPurchaseDataModel.swift */,
				FD68145C1F38762E00FAE1ED /* BSCcPayment.swift */,
				DEB739342E9A635BBD2878B9 /* BSApplepayPayment.swift */,
				FD68145E1F38769300FAE1ED /* BSPayPalPayment.swift */,
				DEBD647E04FF2D871818D06F /* BSPKContactExtention.swift */,
				2D374F3E1E880EF100AE2A81 /* BSCurrencyModel.swift */,
				FD6479F01FB9C5A900403E7D /* BSSdkConfiguration.swift */,
				FD54FE012051530D005D952F /* BSTokenizeRequest.swift */,
			);
			name = Model;
			sourceTree = "<group>";
		};
		FD17062E1E93724000552A35 /* Handlers */ = {
			isa = PBXGroup;
			children = (
				FD4A14C61E96068300EDBFC0 /* BSApiManager.swift */,
				FDA077321EACACD50045E920 /* BSViewsManager.swift */,
				DEBB2573B8147400F955D593 /* BSApplepayOperation.swift */,
				FD6814521F30590600FAE1ED /* BSPaypalHandler.swift */,
				FD461F571F4073FC0050F0FD /* BSLocalizedStrings.swift */,
				FD5022951F691D9300C820AC /* BSApiCaller.swift */,
			);
			name = Handlers;
			sourceTree = "<group>";
		};
		FD17062F1E93727D00552A35 /* Screens */ = {
			isa = PBXGroup;
			children = (
				FD43A0AE1ECC2367000BF7A1 /* BSStartViewController.swift */,
				FDF630871ED1AA2A00BE6F48 /* BSPaymentViewController.swift */,
				FD919B521FB04C9A00CFDEE9 /* BSExistingCCViewController.swift */,
				FDAB3AC11ECDAE9600AC8A71 /* BSShippingViewController.swift */,
				DEB753629162521B2FF3F4AC /* BSApplepayViewController.swift */,
				FD6814541F3071A200FAE1ED /* BSWebViewController.swift */,
				FD6814561F33248000FAE1ED /* BSBaseListController.swift */,
				FD1ACDEA1E9F59B40010C983 /* BSCurrenciesViewController.swift */,
				FDA0772E1EAC91990045E920 /* BSCountryViewController.swift */,
				FD4D4D411EB1BBED00D40B2A /* BSStatesViewController.swift */,
				FD1ACDEC1E9F66170010C983 /* BSCurrencyTableViewCell.swift */,
				FDA077301EAC94CF0045E920 /* BSCountryTableViewCell.swift */,
				FD52D50D1EBF3F6500360863 /* BSStateTableViewCell.swift */,
			);
			name = Screens;
			sourceTree = "<group>";
		};
		FD4750B61EF2A0AE00E5DFBC /* CustomControls */ = {
			isa = PBXGroup;
			children = (
				FD0D34311ED2A629005F03CB /* BSBaseTextInput.swift */,
				FD1F7B8C1ECC68A300C22DEB /* BSInputLine.swift */,
				FD0D34331ED2AB58005F03CB /* BSCcInputLine.swift */,
				FD461F591F41A99D0050F0FD /* BSSubtotalUIView.swift */,
				FD0888341FAB5152001EED4C /* BSBaseBoxWithShadowView.swift */,
				FD0888301FAB3259001EED4C /* BSExistingCcUIView.swift */,
				FD0888361FAB56A6001EED4C /* BSPaymentTypeView.swift */,
			);
			name = CustomControls;
			sourceTree = "<group>";
		};
		FD4750B91EF7D62000E5DFBC /* Helpers */ = {
			isa = PBXGroup;
			children = (
				FD4750B71EF7C50000E5DFBC /* BSStringUtils.swift */,
				FDA6BE301E938B63006C3359 /* BSValidator.swift */,
				FDA0772C1EAC8EAE0045E920 /* BSCountryManager.swift */,
				FD4750BA1EF8EECE00E5DFBC /* BSImageLibrary.swift */,
			);
			name = Helpers;
			sourceTree = "<group>";
		};
/* End PBXGroup section */

/* Begin PBXHeadersBuildPhase section */
		2D374F1D1E880E7200AE2A81 /* Headers */ = {
			isa = PBXHeadersBuildPhase;
			buildActionMask = 2147483647;
			files = (
				2D374F311E880E7300AE2A81 /* BluesnapSDK.h in Headers */,
				DEB2956B373F197BF3547EC7 /* KDataCollector.h in Headers */,
				DEB03A9C85F648C1BCBDEC42 /* Kount-Bridging-Header.h in Headers */,
			);
			runOnlyForDeploymentPostprocessing = 0;
		};
/* End PBXHeadersBuildPhase section */

/* Begin PBXNativeTarget section */
		2D374F1F1E880E7200AE2A81 /* BluesnapSDK */ = {
			isa = PBXNativeTarget;
			buildConfigurationList = 2D374F341E880E7300AE2A81 /* Build configuration list for PBXNativeTarget "BluesnapSDK" */;
			buildPhases = (
				2D374F1B1E880E7200AE2A81 /* Sources */,
				2D374F1C1E880E7200AE2A81 /* Frameworks */,
				2D374F1D1E880E7200AE2A81 /* Headers */,
				2D374F1E1E880E7200AE2A81 /* Resources */,
			);
			buildRules = (
			);
			dependencies = (
			);
			name = BluesnapSDK;
			productName = BluesnapSDK;
			productReference = 2D374F201E880E7200AE2A81 /* BluesnapSDK.framework */;
			productType = "com.apple.product-type.framework";
		};
		2D374F281E880E7300AE2A81 /* BluesnapSDKTests */ = {
			isa = PBXNativeTarget;
			buildConfigurationList = 2D374F371E880E7300AE2A81 /* Build configuration list for PBXNativeTarget "BluesnapSDKTests" */;
			buildPhases = (
				2D374F251E880E7300AE2A81 /* Sources */,
				2D374F261E880E7300AE2A81 /* Frameworks */,
				2D374F271E880E7300AE2A81 /* Resources */,
			);
			buildRules = (
			);
			dependencies = (
				2D374F2C1E880E7300AE2A81 /* PBXTargetDependency */,
			);
			name = BluesnapSDKTests;
			productName = BluesnapSDKTests;
			productReference = 2D374F291E880E7300AE2A81 /* BluesnapSDKTests.xctest */;
			productType = "com.apple.product-type.bundle.unit-test";
		};
/* End PBXNativeTarget section */

/* Begin PBXProject section */
		2D374F171E880E7200AE2A81 /* Project object */ = {
			isa = PBXProject;
			attributes = {
				LastSwiftUpdateCheck = 0820;
				LastUpgradeCheck = 0930;
				ORGANIZATIONNAME = Bluesnap;
				TargetAttributes = {
					2D374F1F1E880E7200AE2A81 = {
						CreatedOnToolsVersion = 8.2.1;
						DevelopmentTeam = AYTGDKG3D8;
						LastSwiftMigration = 0930;
						ProvisioningStyle = Automatic;
					};
					2D374F281E880E7300AE2A81 = {
						CreatedOnToolsVersion = 8.2.1;
						DevelopmentTeam = AYTGDKG3D8;
						ProvisioningStyle = Automatic;
					};
				};
			};
			buildConfigurationList = 2D374F1A1E880E7200AE2A81 /* Build configuration list for PBXProject "BluesnapSDK" */;
			compatibilityVersion = "Xcode 6.3";
			developmentRegion = English;
			hasScannedForEncodings = 0;
			knownRegions = (
				Base,
				de,
				en,
				sq,
				bg,
				"zh-Hans",
				cs,
				"da-DK",
				nl,
				fi,
				fr,
				hu,
				it,
				ja,
				ko,
				lt,
				nb,
				pl,
				"pt-PT",
				ru,
				sr,
				sk,
				es,
				sv,
				tr,
			);
			mainGroup = 2D374F161E880E7200AE2A81;
			productRefGroup = 2D374F211E880E7200AE2A81 /* Products */;
			projectDirPath = "";
			projectRoot = "";
			targets = (
				2D374F1F1E880E7200AE2A81 /* BluesnapSDK */,
				2D374F281E880E7300AE2A81 /* BluesnapSDKTests */,
			);
		};
/* End PBXProject section */

/* Begin PBXResourcesBuildPhase section */
		2D374F1E1E880E7200AE2A81 /* Resources */ = {
			isa = PBXResourcesBuildPhase;
			buildActionMask = 2147483647;
			files = (
				FD53ABB01EBDFCEB0055C34D /* Media.xcassets in Resources */,
				FD6814621F40419C00FAE1ED /* BSLocalizable.strings in Resources */,
				2D779B821F8CABBA003E889A /* Kount in Resources */,
				2DADB9D51EC31F3200C1A2D2 /* BlueSnap.storyboard in Resources */,
			);
			runOnlyForDeploymentPostprocessing = 0;
		};
		2D374F271E880E7300AE2A81 /* Resources */ = {
			isa = PBXResourcesBuildPhase;
			buildActionMask = 2147483647;
			files = (
			);
			runOnlyForDeploymentPostprocessing = 0;
		};
/* End PBXResourcesBuildPhase section */

/* Begin PBXSourcesBuildPhase section */
		2D374F1B1E880E7200AE2A81 /* Sources */ = {
			isa = PBXSourcesBuildPhase;
			buildActionMask = 2147483647;
			files = (
				FD6479F11FB9C5A900403E7D /* BSSdkConfiguration.swift in Sources */,
				FDF630881ED1AA2A00BE6F48 /* BSPaymentViewController.swift in Sources */,
				2D374F491E880EF100AE2A81 /* BSCurrencyModel.swift in Sources */,
				FD919B531FB04C9A00CFDEE9 /* BSExistingCCViewController.swift in Sources */,
				FDA0772D1EAC8EAE0045E920 /* BSCountryManager.swift in Sources */,
				FD4750B81EF7C50000E5DFBC /* BSStringUtils.swift in Sources */,
				FDA6BE311E938B63006C3359 /* BSValidator.swift in Sources */,
				FD68145D1F38762E00FAE1ED /* BSCcPayment.swift in Sources */,
				FD461F5A1F41A99D0050F0FD /* BSSubtotalUIView.swift in Sources */,
				FD52D50E1EBF3F6500360863 /* BSStateTableViewCell.swift in Sources */,
				FD0D34321ED2A62A005F03CB /* BSBaseTextInput.swift in Sources */,
				FD68145F1F38769300FAE1ED /* BSPayPalPayment.swift in Sources */,
				2D374F4D1E880EF100AE2A81 /* BlueSnapSDK.swift in Sources */,
				FD4A14C71E96068300EDBFC0 /* BSApiManager.swift in Sources */,
				FD1ACDEF1EA5E0150010C983 /* BSPurchaseDataModel.swift in Sources */,
				FD1ACDED1E9F66170010C983 /* BSCurrencyTableViewCell.swift in Sources */,
				FD68145B1F38732800FAE1ED /* BSAddress.swift in Sources */,
				FD1ACDEB1E9F59B40010C983 /* BSCurrenciesViewController.swift in Sources */,
				FDA0772F1EAC91990045E920 /* BSCountryViewController.swift in Sources */,
				2D374F4C1E880EF100AE2A81 /* BSToken.swift in Sources */,
				FD43A0AF1ECC2367000BF7A1 /* BSStartViewController.swift in Sources */,
				FD0888311FAB3259001EED4C /* BSExistingCcUIView.swift in Sources */,
				FD0888351FAB5152001EED4C /* BSBaseBoxWithShadowView.swift in Sources */,
				FD3BD9D21EE7F7DD00486576 /* BSErrors.swift in Sources */,
				FD0D34341ED2AB58005F03CB /* BSCcInputLine.swift in Sources */,
				FD6814571F33248000FAE1ED /* BSBaseListController.swift in Sources */,
				FDA077311EAC94CF0045E920 /* BSCountryTableViewCell.swift in Sources */,
				FD6814531F30590600FAE1ED /* BSPaypalHandler.swift in Sources */,
				FDA077331EACACD50045E920 /* BSViewsManager.swift in Sources */,
				FD6814551F3071A200FAE1ED /* BSWebViewController.swift in Sources */,
				FD4750BB1EF8EECE00E5DFBC /* BSImageLibrary.swift in Sources */,
				FD1F7B8D1ECC68A300C22DEB /* BSInputLine.swift in Sources */,
				FD4D4D421EB1BBED00D40B2A /* BSStatesViewController.swift in Sources */,
				FD54FE022051530D005D952F /* BSTokenizeRequest.swift in Sources */,
				FDAB3AC21ECDAE9600AC8A71 /* BSShippingViewController.swift in Sources */,
				FD5022961F691D9300C820AC /* BSApiCaller.swift in Sources */,
				FD0888371FAB56A6001EED4C /* BSPaymentTypeView.swift in Sources */,
				DEB2DD0B164B99C6E7DE417C /* BSApplepayViewController.swift in Sources */,
				DEBB1FD893E6CC8FA16D5F60 /* BSApplepayPayment.swift in Sources */,
				DEBAC1114FFA55F1852DCB78 /* BSPKContactExtention.swift in Sources */,
				DEB3C8BC3806435452EEB052 /* BSApplepayOperation.swift in Sources */,
				FD461F581F4073FC0050F0FD /* BSLocalizedStrings.swift in Sources */,
			);
			runOnlyForDeploymentPostprocessing = 0;
		};
		2D374F251E880E7300AE2A81 /* Sources */ = {
			isa = PBXSourcesBuildPhase;
			buildActionMask = 2147483647;
			files = (
				FD6479F31FBC37D900403E7D /* BSCurrencyTests.swift in Sources */,
				2D374F2F1E880E7300AE2A81 /* BluesnapSDKTests.swift in Sources */,
				FD9197451F496C04008C266A /* BSStringUtilssTests.swift in Sources */,
				FD9197431F49630E008C266A /* BSApiManagerTests.swift in Sources */,
				FD9197471F49B649008C266A /* BSValidatorTests.swift in Sources */,
			);
			runOnlyForDeploymentPostprocessing = 0;
		};
/* End PBXSourcesBuildPhase section */

/* Begin PBXTargetDependency section */
		2D374F2C1E880E7300AE2A81 /* PBXTargetDependency */ = {
			isa = PBXTargetDependency;
			target = 2D374F1F1E880E7200AE2A81 /* BluesnapSDK */;
			targetProxy = 2D374F2B1E880E7300AE2A81 /* PBXContainerItemProxy */;
		};
/* End PBXTargetDependency section */

/* Begin PBXVariantGroup section */
		2DADB9D71EC31F3200C1A2D2 /* BlueSnap.storyboard */ = {
			isa = PBXVariantGroup;
			children = (
				2DADB9D81EC31F4200C1A2D2 /* Base */,
			);
			name = BlueSnap.storyboard;
			sourceTree = "<group>";
		};
		FD6814641F40419C00FAE1ED /* BSLocalizable.strings */ = {
			isa = PBXVariantGroup;
			children = (
				FD6814661F4041B000FAE1ED /* Base */,
				FD461F5E1F42E0760050F0FD /* de */,
				FD91973D1F44667E008C266A /* en */,
				FDF8D7271F7A6FD400CE19A5 /* sq */,
				FDF8D7281F7A705500CE19A5 /* bg */,
				FDF8D7291F7A709100CE19A5 /* zh-Hans */,
				FDF8D72A1F7A70C600CE19A5 /* cs */,
				FDF8D72B1F7A70FD00CE19A5 /* da-DK */,
				FDF8D72C1F7A712300CE19A5 /* nl */,
				FDF8D72D1F7A714400CE19A5 /* fi */,
				FDF8D72E1F7A716300CE19A5 /* fr */,
				FDF8D72F1F7A719000CE19A5 /* hu */,
				FDF8D7301F7A71B000CE19A5 /* it */,
				FDF8D7311F7A71D400CE19A5 /* ja */,
				FDF8D7321F7A71EF00CE19A5 /* ko */,
				FDF8D7331F7A722100CE19A5 /* lt */,
				FDF8D7341F7A726100CE19A5 /* nb */,
				FDF8D7351F7A727D00CE19A5 /* pl */,
				FDF8D7361F7A729E00CE19A5 /* pt-PT */,
				FDF8D7371F7A72C600CE19A5 /* ru */,
				FDF8D7381F7A72F600CE19A5 /* sr */,
				FDF8D7391F7A732100CE19A5 /* sk */,
				FDF8D73A1F7A733D00CE19A5 /* es */,
				FDF8D73B1F7A736000CE19A5 /* sv */,
				FDF8D73C1F7A738900CE19A5 /* tr */,
			);
			name = BSLocalizable.strings;
			sourceTree = "<group>";
		};
/* End PBXVariantGroup section */

/* Begin XCBuildConfiguration section */
		2D374F321E880E7300AE2A81 /* Debug */ = {
			isa = XCBuildConfiguration;
			buildSettings = {
				ALWAYS_SEARCH_USER_PATHS = NO;
				CLANG_ANALYZER_LOCALIZABILITY_NONLOCALIZED = YES;
				CLANG_ANALYZER_NONNULL = YES;
				CLANG_CXX_LANGUAGE_STANDARD = "gnu++0x";
				CLANG_CXX_LIBRARY = "libc++";
				CLANG_ENABLE_MODULES = YES;
				CLANG_ENABLE_OBJC_ARC = YES;
				CLANG_WARN_BLOCK_CAPTURE_AUTORELEASING = YES;
				CLANG_WARN_BOOL_CONVERSION = YES;
				CLANG_WARN_COMMA = YES;
				CLANG_WARN_CONSTANT_CONVERSION = YES;
				CLANG_WARN_DEPRECATED_OBJC_IMPLEMENTATIONS = YES;
				CLANG_WARN_DIRECT_OBJC_ISA_USAGE = YES_ERROR;
				CLANG_WARN_DOCUMENTATION_COMMENTS = YES;
				CLANG_WARN_EMPTY_BODY = YES;
				CLANG_WARN_ENUM_CONVERSION = YES;
				CLANG_WARN_INFINITE_RECURSION = YES;
				CLANG_WARN_INT_CONVERSION = YES;
				CLANG_WARN_NON_LITERAL_NULL_CONVERSION = YES;
				CLANG_WARN_OBJC_IMPLICIT_RETAIN_SELF = YES;
				CLANG_WARN_OBJC_LITERAL_CONVERSION = YES;
				CLANG_WARN_OBJC_ROOT_CLASS = YES_ERROR;
				CLANG_WARN_RANGE_LOOP_ANALYSIS = YES;
				CLANG_WARN_STRICT_PROTOTYPES = YES;
				CLANG_WARN_SUSPICIOUS_MOVE = YES;
				CLANG_WARN_UNREACHABLE_CODE = YES;
				CLANG_WARN__DUPLICATE_METHOD_MATCH = YES;
				"CODE_SIGN_IDENTITY[sdk=iphoneos*]" = "iPhone Developer";
				COPY_PHASE_STRIP = NO;
				CURRENT_PROJECT_VERSION = 1;
				DEBUG_INFORMATION_FORMAT = dwarf;
				ENABLE_STRICT_OBJC_MSGSEND = YES;
				ENABLE_TESTABILITY = YES;
				GCC_C_LANGUAGE_STANDARD = gnu99;
				GCC_DYNAMIC_NO_PIC = NO;
				GCC_NO_COMMON_BLOCKS = YES;
				GCC_OPTIMIZATION_LEVEL = 0;
				GCC_PREPROCESSOR_DEFINITIONS = (
					"DEBUG=1",
					"$(inherited)",
				);
				GCC_WARN_64_TO_32_BIT_CONVERSION = YES;
				GCC_WARN_ABOUT_RETURN_TYPE = YES_ERROR;
				GCC_WARN_UNDECLARED_SELECTOR = YES;
				GCC_WARN_UNINITIALIZED_AUTOS = YES_AGGRESSIVE;
				GCC_WARN_UNUSED_FUNCTION = YES;
				GCC_WARN_UNUSED_VARIABLE = YES;
				IPHONEOS_DEPLOYMENT_TARGET = 9.0;
				MTL_ENABLE_DEBUG_INFO = YES;
				ONLY_ACTIVE_ARCH = YES;
				SDKROOT = iphoneos;
				SWIFT_ACTIVE_COMPILATION_CONDITIONS = DEBUG;
				SWIFT_OPTIMIZATION_LEVEL = "-Onone";
				SWIFT_VERSION = 4.0;
				TARGETED_DEVICE_FAMILY = "1,2";
				VERSIONING_SYSTEM = "apple-generic";
				VERSION_INFO_PREFIX = "";
			};
			name = Debug;
		};
		2D374F331E880E7300AE2A81 /* Release */ = {
			isa = XCBuildConfiguration;
			buildSettings = {
				ALWAYS_SEARCH_USER_PATHS = NO;
				CLANG_ANALYZER_LOCALIZABILITY_NONLOCALIZED = YES;
				CLANG_ANALYZER_NONNULL = YES;
				CLANG_CXX_LANGUAGE_STANDARD = "gnu++0x";
				CLANG_CXX_LIBRARY = "libc++";
				CLANG_ENABLE_MODULES = YES;
				CLANG_ENABLE_OBJC_ARC = YES;
				CLANG_WARN_BLOCK_CAPTURE_AUTORELEASING = YES;
				CLANG_WARN_BOOL_CONVERSION = YES;
				CLANG_WARN_COMMA = YES;
				CLANG_WARN_CONSTANT_CONVERSION = YES;
				CLANG_WARN_DEPRECATED_OBJC_IMPLEMENTATIONS = YES;
				CLANG_WARN_DIRECT_OBJC_ISA_USAGE = YES_ERROR;
				CLANG_WARN_DOCUMENTATION_COMMENTS = YES;
				CLANG_WARN_EMPTY_BODY = YES;
				CLANG_WARN_ENUM_CONVERSION = YES;
				CLANG_WARN_INFINITE_RECURSION = YES;
				CLANG_WARN_INT_CONVERSION = YES;
				CLANG_WARN_NON_LITERAL_NULL_CONVERSION = YES;
				CLANG_WARN_OBJC_IMPLICIT_RETAIN_SELF = YES;
				CLANG_WARN_OBJC_LITERAL_CONVERSION = YES;
				CLANG_WARN_OBJC_ROOT_CLASS = YES_ERROR;
				CLANG_WARN_RANGE_LOOP_ANALYSIS = YES;
				CLANG_WARN_STRICT_PROTOTYPES = YES;
				CLANG_WARN_SUSPICIOUS_MOVE = YES;
				CLANG_WARN_UNREACHABLE_CODE = YES;
				CLANG_WARN__DUPLICATE_METHOD_MATCH = YES;
				"CODE_SIGN_IDENTITY[sdk=iphoneos*]" = "iPhone Developer";
				COPY_PHASE_STRIP = NO;
				CURRENT_PROJECT_VERSION = 1;
				DEBUG_INFORMATION_FORMAT = "dwarf-with-dsym";
				ENABLE_NS_ASSERTIONS = NO;
				ENABLE_STRICT_OBJC_MSGSEND = YES;
				GCC_C_LANGUAGE_STANDARD = gnu99;
				GCC_NO_COMMON_BLOCKS = YES;
				GCC_WARN_64_TO_32_BIT_CONVERSION = YES;
				GCC_WARN_ABOUT_RETURN_TYPE = YES_ERROR;
				GCC_WARN_UNDECLARED_SELECTOR = YES;
				GCC_WARN_UNINITIALIZED_AUTOS = YES_AGGRESSIVE;
				GCC_WARN_UNUSED_FUNCTION = YES;
				GCC_WARN_UNUSED_VARIABLE = YES;
				IPHONEOS_DEPLOYMENT_TARGET = 9.0;
				MTL_ENABLE_DEBUG_INFO = NO;
				SDKROOT = iphoneos;
				SWIFT_OPTIMIZATION_LEVEL = "-Owholemodule";
				SWIFT_VERSION = 4.0;
				TARGETED_DEVICE_FAMILY = "1,2";
				VALIDATE_PRODUCT = YES;
				VERSIONING_SYSTEM = "apple-generic";
				VERSION_INFO_PREFIX = "";
			};
			name = Release;
		};
		2D374F351E880E7300AE2A81 /* Debug */ = {
			isa = XCBuildConfiguration;
			buildSettings = {
				CLANG_ENABLE_MODULES = YES;
				CODE_SIGN_IDENTITY = "";
				DEFINES_MODULE = YES;
				DEVELOPMENT_TEAM = AYTGDKG3D8;
				DYLIB_COMPATIBILITY_VERSION = 1;
				DYLIB_CURRENT_VERSION = 1;
				DYLIB_INSTALL_NAME_BASE = "@rpath";
				INFOPLIST_FILE = BluesnapSDK/Info.plist;
				INSTALL_PATH = "$(LOCAL_LIBRARY_DIR)/Frameworks";
				IPHONEOS_DEPLOYMENT_TARGET = 9.0;
				LD_RUNPATH_SEARCH_PATHS = "$(inherited) @executable_path/Frameworks @loader_path/Frameworks";
				LIBRARY_SEARCH_PATHS = (
					"$(inherited)",
					"$(PROJECT_DIR)/Kount",
					"$(PROJECT_DIR)/BluesnapSDK",
				);
				PRODUCT_BUNDLE_IDENTIFIER = com.bluesnap.BluesnapSDK;
				PRODUCT_NAME = "$(TARGET_NAME)";
				SKIP_INSTALL = YES;
				SWIFT_OPTIMIZATION_LEVEL = "-Onone";
				SWIFT_SWIFT3_OBJC_INFERENCE = On;
				SWIFT_VERSION = 4.0;
			};
			name = Debug;
		};
		2D374F361E880E7300AE2A81 /* Release */ = {
			isa = XCBuildConfiguration;
			buildSettings = {
				CLANG_ENABLE_MODULES = YES;
				CODE_SIGN_IDENTITY = "";
				DEFINES_MODULE = YES;
				DEVELOPMENT_TEAM = AYTGDKG3D8;
				DYLIB_COMPATIBILITY_VERSION = 1;
				DYLIB_CURRENT_VERSION = 1;
				DYLIB_INSTALL_NAME_BASE = "@rpath";
				INFOPLIST_FILE = BluesnapSDK/Info.plist;
				INSTALL_PATH = "$(LOCAL_LIBRARY_DIR)/Frameworks";
				IPHONEOS_DEPLOYMENT_TARGET = 9.0;
				LD_RUNPATH_SEARCH_PATHS = "$(inherited) @executable_path/Frameworks @loader_path/Frameworks";
				LIBRARY_SEARCH_PATHS = (
					"$(inherited)",
					"$(PROJECT_DIR)/Kount",
					"$(PROJECT_DIR)/BluesnapSDK",
				);
				PRODUCT_BUNDLE_IDENTIFIER = com.bluesnap.BluesnapSDK;
				PRODUCT_NAME = "$(TARGET_NAME)";
				SKIP_INSTALL = YES;
				SWIFT_SWIFT3_OBJC_INFERENCE = On;
				SWIFT_VERSION = 4.0;
			};
			name = Release;
		};
		2D374F381E880E7300AE2A81 /* Debug */ = {
			isa = XCBuildConfiguration;
			buildSettings = {
				ALWAYS_EMBED_SWIFT_STANDARD_LIBRARIES = YES;
				DEVELOPMENT_TEAM = AYTGDKG3D8;
				INFOPLIST_FILE = BluesnapSDKTests/Info.plist;
				LD_RUNPATH_SEARCH_PATHS = "$(inherited) @executable_path/Frameworks @loader_path/Frameworks";
				PRODUCT_BUNDLE_IDENTIFIER = com.bluesnap.BluesnapSDKTests;
				PRODUCT_NAME = "$(TARGET_NAME)";
				SWIFT_VERSION = 3.0;
			};
			name = Debug;
		};
		2D374F391E880E7300AE2A81 /* Release */ = {
			isa = XCBuildConfiguration;
			buildSettings = {
				ALWAYS_EMBED_SWIFT_STANDARD_LIBRARIES = YES;
				DEVELOPMENT_TEAM = AYTGDKG3D8;
				INFOPLIST_FILE = BluesnapSDKTests/Info.plist;
				LD_RUNPATH_SEARCH_PATHS = "$(inherited) @executable_path/Frameworks @loader_path/Frameworks";
				PRODUCT_BUNDLE_IDENTIFIER = com.bluesnap.BluesnapSDKTests;
				PRODUCT_NAME = "$(TARGET_NAME)";
				SWIFT_VERSION = 3.0;
			};
			name = Release;
		};
/* End XCBuildConfiguration section */

/* Begin XCConfigurationList section */
		2D374F1A1E880E7200AE2A81 /* Build configuration list for PBXProject "BluesnapSDK" */ = {
			isa = XCConfigurationList;
			buildConfigurations = (
				2D374F321E880E7300AE2A81 /* Debug */,
				2D374F331E880E7300AE2A81 /* Release */,
			);
			defaultConfigurationIsVisible = 0;
			defaultConfigurationName = Release;
		};
		2D374F341E880E7300AE2A81 /* Build configuration list for PBXNativeTarget "BluesnapSDK" */ = {
			isa = XCConfigurationList;
			buildConfigurations = (
				2D374F351E880E7300AE2A81 /* Debug */,
				2D374F361E880E7300AE2A81 /* Release */,
			);
			defaultConfigurationIsVisible = 0;
			defaultConfigurationName = Release;
		};
		2D374F371E880E7300AE2A81 /* Build configuration list for PBXNativeTarget "BluesnapSDKTests" */ = {
			isa = XCConfigurationList;
			buildConfigurations = (
				2D374F381E880E7300AE2A81 /* Debug */,
				2D374F391E880E7300AE2A81 /* Release */,
			);
			defaultConfigurationIsVisible = 0;
			defaultConfigurationName = Release;
		};
/* End XCConfigurationList section */
	};
	rootObject = 2D374F171E880E7200AE2A81 /* Project object */;
}
