// !$*UTF8*$!
{
	archiveVersion = 1;
	classes = {
	};
	objectVersion = 46;
	objects = {

/* Begin PBXBuildFile section */
		2D374F2F1E880E7300AE2A81 /* BluesnapSDKTests.swift in Sources */ = {isa = PBXBuildFile; fileRef = 2D374F2E1E880E7300AE2A81 /* BluesnapSDKTests.swift */; };
		2D374F311E880E7300AE2A81 /* BluesnapSDK.h in Headers */ = {isa = PBXBuildFile; fileRef = 2D374F231E880E7200AE2A81 /* BluesnapSDK.h */; settings = {ATTRIBUTES = (Public, ); }; };
		2D374F451E880EF100AE2A81 /* BSSummaryScreen.swift in Sources */ = {isa = PBXBuildFile; fileRef = 2D374F3A1E880EF100AE2A81 /* BSSummaryScreen.swift */; };
		2D374F491E880EF100AE2A81 /* BSCurrencyModel.swift in Sources */ = {isa = PBXBuildFile; fileRef = 2D374F3E1E880EF100AE2A81 /* BSCurrencyModel.swift */; };
		2D374F4C1E880EF100AE2A81 /* BSToken.swift in Sources */ = {isa = PBXBuildFile; fileRef = 2D374F411E880EF100AE2A81 /* BSToken.swift */; };
		2D374F4D1E880EF100AE2A81 /* BlueSnapSDK.swift in Sources */ = {isa = PBXBuildFile; fileRef = 2D374F421E880EF100AE2A81 /* BlueSnapSDK.swift */; };
		2D89D53F1EA8ECD30076E219 /* KountDataCollector.h in Headers */ = {isa = PBXBuildFile; fileRef = 2D89D53D1EA8ECD30076E219 /* KountDataCollector.h */; settings = {ATTRIBUTES = (Public, ); }; };
		2D89D5401EA8ECD30076E219 /* libKountDataCollector.a in Frameworks */ = {isa = PBXBuildFile; fileRef = 2D89D53E1EA8ECD30076E219 /* libKountDataCollector.a */; };
		2DADB9D51EC31F3200C1A2D2 /* BlueSnap.storyboard in Resources */ = {isa = PBXBuildFile; fileRef = 2DADB9D71EC31F3200C1A2D2 /* BlueSnap.storyboard */; };
		2DD7F11D1E8828B2002C5571 /* BluesnapSDK.framework in Frameworks */ = {isa = PBXBuildFile; fileRef = 2D374F201E880E7200AE2A81 /* BluesnapSDK.framework */; };
		FD1ACDEB1E9F59B40010C983 /* BSCurrencviesViewController.swift in Sources */ = {isa = PBXBuildFile; fileRef = FD1ACDEA1E9F59B40010C983 /* BSCurrencviesViewController.swift */; };
		FD1ACDED1E9F66170010C983 /* BSCurrencyTableViewCell.swift in Sources */ = {isa = PBXBuildFile; fileRef = FD1ACDEC1E9F66170010C983 /* BSCurrencyTableViewCell.swift */; };
		FD1ACDEF1EA5E0150010C983 /* BSPurchaseDataModel.swift in Sources */ = {isa = PBXBuildFile; fileRef = FD1ACDEE1EA5E0150010C983 /* BSPurchaseDataModel.swift */; };
		FD3431061E94EF2E006B6CD5 /* BSWebViewController.swift in Sources */ = {isa = PBXBuildFile; fileRef = FD3431051E94EF2E006B6CD5 /* BSWebViewController.swift */; };
		FD43A0AF1ECC2367000BF7A1 /* BSStartViewController.swift in Sources */ = {isa = PBXBuildFile; fileRef = FD43A0AE1ECC2367000BF7A1 /* BSStartViewController.swift */; };
		FD4A14C71E96068300EDBFC0 /* BSApiManager.swift in Sources */ = {isa = PBXBuildFile; fileRef = FD4A14C61E96068300EDBFC0 /* BSApiManager.swift */; };
		FD4D4D421EB1BBED00D40B2A /* BSStatesViewController.swift in Sources */ = {isa = PBXBuildFile; fileRef = FD4D4D411EB1BBED00D40B2A /* BSStatesViewController.swift */; };
		FD52D50E1EBF3F6500360863 /* BSStateTableViewCell.swift in Sources */ = {isa = PBXBuildFile; fileRef = FD52D50D1EBF3F6500360863 /* BSStateTableViewCell.swift */; };
		FD53ABB01EBDFCEB0055C34D /* Media.xcassets in Resources */ = {isa = PBXBuildFile; fileRef = FD53ABAF1EBDFCEB0055C34D /* Media.xcassets */; };
		FD6749491EBB12E700B8076C /* BSPopupMenuViewController.swift in Sources */ = {isa = PBXBuildFile; fileRef = FD6749481EBB12E700B8076C /* BSPopupMenuViewController.swift */; };
		FD7B0E191E9283F1006F4CBC /* BSShippingViewController.swift in Sources */ = {isa = PBXBuildFile; fileRef = FD7B0E181E9283F1006F4CBC /* BSShippingViewController.swift */; };
		FDA0772D1EAC8EAE0045E920 /* BSCountryManager.swift in Sources */ = {isa = PBXBuildFile; fileRef = FDA0772C1EAC8EAE0045E920 /* BSCountryManager.swift */; };
		FDA0772F1EAC91990045E920 /* BSCountryViewController.swift in Sources */ = {isa = PBXBuildFile; fileRef = FDA0772E1EAC91990045E920 /* BSCountryViewController.swift */; };
		FDA077311EAC94CF0045E920 /* BSCountryTableViewCell.swift in Sources */ = {isa = PBXBuildFile; fileRef = FDA077301EAC94CF0045E920 /* BSCountryTableViewCell.swift */; };
		FDA077331EACACD50045E920 /* BSViewsManager.swift in Sources */ = {isa = PBXBuildFile; fileRef = FDA077321EACACD50045E920 /* BSViewsManager.swift */; };
		FDA6BE311E938B63006C3359 /* BSValidator.swift in Sources */ = {isa = PBXBuildFile; fileRef = FDA6BE301E938B63006C3359 /* BSValidator.swift */; };
/* End PBXBuildFile section */

/* Begin PBXContainerItemProxy section */
		2D374F2B1E880E7300AE2A81 /* PBXContainerItemProxy */ = {
			isa = PBXContainerItemProxy;
			containerPortal = 2D374F171E880E7200AE2A81 /* Project object */;
			proxyType = 1;
			remoteGlobalIDString = 2D374F1F1E880E7200AE2A81;
			remoteInfo = BluesnapSDK;
		};
/* End PBXContainerItemProxy section */

/* Begin PBXFileReference section */
		2D374F201E880E7200AE2A81 /* BluesnapSDK.framework */ = {isa = PBXFileReference; explicitFileType = wrapper.framework; includeInIndex = 0; path = BluesnapSDK.framework; sourceTree = BUILT_PRODUCTS_DIR; };
		2D374F231E880E7200AE2A81 /* BluesnapSDK.h */ = {isa = PBXFileReference; lastKnownFileType = sourcecode.c.h; path = BluesnapSDK.h; sourceTree = "<group>"; };
		2D374F241E880E7200AE2A81 /* Info.plist */ = {isa = PBXFileReference; lastKnownFileType = text.plist.xml; path = Info.plist; sourceTree = "<group>"; };
		2D374F291E880E7300AE2A81 /* BluesnapSDKTests.xctest */ = {isa = PBXFileReference; explicitFileType = wrapper.cfbundle; includeInIndex = 0; path = BluesnapSDKTests.xctest; sourceTree = BUILT_PRODUCTS_DIR; };
		2D374F2E1E880E7300AE2A81 /* BluesnapSDKTests.swift */ = {isa = PBXFileReference; lastKnownFileType = sourcecode.swift; path = BluesnapSDKTests.swift; sourceTree = "<group>"; };
		2D374F301E880E7300AE2A81 /* Info.plist */ = {isa = PBXFileReference; lastKnownFileType = text.plist.xml; path = Info.plist; sourceTree = "<group>"; };
		2D374F3A1E880EF100AE2A81 /* BSSummaryScreen.swift */ = {isa = PBXFileReference; fileEncoding = 4; lastKnownFileType = sourcecode.swift; path = BSSummaryScreen.swift; sourceTree = "<group>"; };
		2D374F3E1E880EF100AE2A81 /* BSCurrencyModel.swift */ = {isa = PBXFileReference; fileEncoding = 4; lastKnownFileType = sourcecode.swift; path = BSCurrencyModel.swift; sourceTree = "<group>"; };
		2D374F411E880EF100AE2A81 /* BSToken.swift */ = {isa = PBXFileReference; fileEncoding = 4; lastKnownFileType = sourcecode.swift; path = BSToken.swift; sourceTree = "<group>"; };
		2D374F421E880EF100AE2A81 /* BlueSnapSDK.swift */ = {isa = PBXFileReference; fileEncoding = 4; lastKnownFileType = sourcecode.swift; path = BlueSnapSDK.swift; sourceTree = "<group>"; };
		2D89D53D1EA8ECD30076E219 /* KountDataCollector.h */ = {isa = PBXFileReference; fileEncoding = 4; lastKnownFileType = sourcecode.c.h; path = KountDataCollector.h; sourceTree = "<group>"; };
		2D89D53E1EA8ECD30076E219 /* libKountDataCollector.a */ = {isa = PBXFileReference; lastKnownFileType = archive.ar; path = libKountDataCollector.a; sourceTree = "<group>"; };
		2DADB9D81EC31F4200C1A2D2 /* Base */ = {isa = PBXFileReference; lastKnownFileType = file.storyboard; name = Base; path = Base.lproj/BlueSnap.storyboard; sourceTree = "<group>"; };
		2DADB9DA1EC31F5400C1A2D2 /* en */ = {isa = PBXFileReference; lastKnownFileType = text.plist.strings; name = en; path = en.lproj/BlueSnap.strings; sourceTree = "<group>"; };
		2DADB9DB1EC3201A00C1A2D2 /* he */ = {isa = PBXFileReference; lastKnownFileType = text.plist.strings; name = he; path = he.lproj/BlueSnap.strings; sourceTree = "<group>"; };
		FD1ACDEA1E9F59B40010C983 /* BSCurrencviesViewController.swift */ = {isa = PBXFileReference; fileEncoding = 4; lastKnownFileType = sourcecode.swift; path = BSCurrencviesViewController.swift; sourceTree = "<group>"; };
		FD1ACDEC1E9F66170010C983 /* BSCurrencyTableViewCell.swift */ = {isa = PBXFileReference; fileEncoding = 4; lastKnownFileType = sourcecode.swift; path = BSCurrencyTableViewCell.swift; sourceTree = "<group>"; };
		FD1ACDEE1EA5E0150010C983 /* BSPurchaseDataModel.swift */ = {isa = PBXFileReference; fileEncoding = 4; lastKnownFileType = sourcecode.swift; path = BSPurchaseDataModel.swift; sourceTree = "<group>"; };
		FD3431051E94EF2E006B6CD5 /* BSWebViewController.swift */ = {isa = PBXFileReference; fileEncoding = 4; lastKnownFileType = sourcecode.swift; path = BSWebViewController.swift; sourceTree = "<group>"; };
		FD43A0AE1ECC2367000BF7A1 /* BSStartViewController.swift */ = {isa = PBXFileReference; fileEncoding = 4; lastKnownFileType = sourcecode.swift; path = BSStartViewController.swift; sourceTree = "<group>"; };
		FD4A14C61E96068300EDBFC0 /* BSApiManager.swift */ = {isa = PBXFileReference; fileEncoding = 4; lastKnownFileType = sourcecode.swift; path = BSApiManager.swift; sourceTree = "<group>"; };
		FD4D4D411EB1BBED00D40B2A /* BSStatesViewController.swift */ = {isa = PBXFileReference; fileEncoding = 4; lastKnownFileType = sourcecode.swift; path = BSStatesViewController.swift; sourceTree = "<group>"; };
		FD52D50D1EBF3F6500360863 /* BSStateTableViewCell.swift */ = {isa = PBXFileReference; fileEncoding = 4; lastKnownFileType = sourcecode.swift; path = BSStateTableViewCell.swift; sourceTree = "<group>"; };
		FD53ABAF1EBDFCEB0055C34D /* Media.xcassets */ = {isa = PBXFileReference; lastKnownFileType = folder.assetcatalog; path = Media.xcassets; sourceTree = "<group>"; };
		FD6749481EBB12E700B8076C /* BSPopupMenuViewController.swift */ = {isa = PBXFileReference; fileEncoding = 4; lastKnownFileType = sourcecode.swift; path = BSPopupMenuViewController.swift; sourceTree = "<group>"; };
		FD7B0E181E9283F1006F4CBC /* BSShippingViewController.swift */ = {isa = PBXFileReference; fileEncoding = 4; lastKnownFileType = sourcecode.swift; path = BSShippingViewController.swift; sourceTree = "<group>"; };
		FDA0772C1EAC8EAE0045E920 /* BSCountryManager.swift */ = {isa = PBXFileReference; fileEncoding = 4; lastKnownFileType = sourcecode.swift; path = BSCountryManager.swift; sourceTree = "<group>"; };
		FDA0772E1EAC91990045E920 /* BSCountryViewController.swift */ = {isa = PBXFileReference; fileEncoding = 4; lastKnownFileType = sourcecode.swift; path = BSCountryViewController.swift; sourceTree = "<group>"; };
		FDA077301EAC94CF0045E920 /* BSCountryTableViewCell.swift */ = {isa = PBXFileReference; fileEncoding = 4; lastKnownFileType = sourcecode.swift; path = BSCountryTableViewCell.swift; sourceTree = "<group>"; };
		FDA077321EACACD50045E920 /* BSViewsManager.swift */ = {isa = PBXFileReference; fileEncoding = 4; lastKnownFileType = sourcecode.swift; path = BSViewsManager.swift; sourceTree = "<group>"; };
		FDA6BE301E938B63006C3359 /* BSValidator.swift */ = {isa = PBXFileReference; fileEncoding = 4; lastKnownFileType = sourcecode.swift; path = BSValidator.swift; sourceTree = "<group>"; };
/* End PBXFileReference section */

/* Begin PBXFrameworksBuildPhase section */
		2D374F1C1E880E7200AE2A81 /* Frameworks */ = {
			isa = PBXFrameworksBuildPhase;
			buildActionMask = 2147483647;
			files = (
				2D89D5401EA8ECD30076E219 /* libKountDataCollector.a in Frameworks */,
			);
			runOnlyForDeploymentPostprocessing = 0;
		};
		2D374F261E880E7300AE2A81 /* Frameworks */ = {
			isa = PBXFrameworksBuildPhase;
			buildActionMask = 2147483647;
			files = (
				2DD7F11D1E8828B2002C5571 /* BluesnapSDK.framework in Frameworks */,
			);
			runOnlyForDeploymentPostprocessing = 0;
		};
/* End PBXFrameworksBuildPhase section */

/* Begin PBXGroup section */
		2D374F161E880E7200AE2A81 = {
			isa = PBXGroup;
			children = (
				2D89D53C1EA8ECD30076E219 /* Kount */,
				2D374F221E880E7200AE2A81 /* BluesnapSDK */,
				2D374F2D1E880E7300AE2A81 /* BluesnapSDKTests */,
				2D374F211E880E7200AE2A81 /* Products */,
			);
			sourceTree = "<group>";
		};
		2D374F211E880E7200AE2A81 /* Products */ = {
			isa = PBXGroup;
			children = (
				2D374F201E880E7200AE2A81 /* BluesnapSDK.framework */,
				2D374F291E880E7300AE2A81 /* BluesnapSDKTests.xctest */,
			);
			name = Products;
			sourceTree = "<group>";
		};
		2D374F221E880E7200AE2A81 /* BluesnapSDK */ = {
			isa = PBXGroup;
			children = (
				FD17062F1E93727D00552A35 /* Screens */,
				FD17062E1E93724000552A35 /* Handlers */,
				FD17062D1E9371FD00552A35 /* Model */,
				2D374F421E880EF100AE2A81 /* BlueSnapSDK.swift */,
				2DADB9D71EC31F3200C1A2D2 /* BlueSnap.storyboard */,
				2D374F231E880E7200AE2A81 /* BluesnapSDK.h */,
				2D374F241E880E7200AE2A81 /* Info.plist */,
				FD53ABAF1EBDFCEB0055C34D /* Media.xcassets */,
			);
			path = BluesnapSDK;
			sourceTree = "<group>";
		};
		2D374F2D1E880E7300AE2A81 /* BluesnapSDKTests */ = {
			isa = PBXGroup;
			children = (
				2D374F2E1E880E7300AE2A81 /* BluesnapSDKTests.swift */,
				2D374F301E880E7300AE2A81 /* Info.plist */,
			);
			path = BluesnapSDKTests;
			sourceTree = "<group>";
		};
		2D89D53C1EA8ECD30076E219 /* Kount */ = {
			isa = PBXGroup;
			children = (
				2D89D53D1EA8ECD30076E219 /* KountDataCollector.h */,
				2D89D53E1EA8ECD30076E219 /* libKountDataCollector.a */,
			);
			path = Kount;
			sourceTree = "<group>";
		};
		FD17062D1E9371FD00552A35 /* Model */ = {
			isa = PBXGroup;
			children = (
				2D374F3E1E880EF100AE2A81 /* BSCurrencyModel.swift */,
				2D374F411E880EF100AE2A81 /* BSToken.swift */,
				FD1ACDEE1EA5E0150010C983 /* BSPurchaseDataModel.swift */,
			);
			name = Model;
			sourceTree = "<group>";
		};
		FD17062E1E93724000552A35 /* Handlers */ = {
			isa = PBXGroup;
			children = (
				FDA6BE301E938B63006C3359 /* BSValidator.swift */,
				FD4A14C61E96068300EDBFC0 /* BSApiManager.swift */,
				FDA0772C1EAC8EAE0045E920 /* BSCountryManager.swift */,
				FDA077321EACACD50045E920 /* BSViewsManager.swift */,
			);
			name = Handlers;
			sourceTree = "<group>";
		};
		FD17062F1E93727D00552A35 /* Screens */ = {
			isa = PBXGroup;
			children = (
				2D374F3A1E880EF100AE2A81 /* BSSummaryScreen.swift */,
				FD7B0E181E9283F1006F4CBC /* BSShippingViewController.swift */,
				FD3431051E94EF2E006B6CD5 /* BSWebViewController.swift */,
				FD1ACDEA1E9F59B40010C983 /* BSCurrencviesViewController.swift */,
				FD1ACDEC1E9F66170010C983 /* BSCurrencyTableViewCell.swift */,
				FDA0772E1EAC91990045E920 /* BSCountryViewController.swift */,
				FDA077301EAC94CF0045E920 /* BSCountryTableViewCell.swift */,
				FD52D50D1EBF3F6500360863 /* BSStateTableViewCell.swift */,
				FD4D4D411EB1BBED00D40B2A /* BSStatesViewController.swift */,
				FD6749481EBB12E700B8076C /* BSPopupMenuViewController.swift */,
				FD43A0AE1ECC2367000BF7A1 /* BSStartViewController.swift */,
			);
			name = Screens;
			sourceTree = "<group>";
		};
/* End PBXGroup section */

/* Begin PBXHeadersBuildPhase section */
		2D374F1D1E880E7200AE2A81 /* Headers */ = {
			isa = PBXHeadersBuildPhase;
			buildActionMask = 2147483647;
			files = (
				2D89D53F1EA8ECD30076E219 /* KountDataCollector.h in Headers */,
				2D374F311E880E7300AE2A81 /* BluesnapSDK.h in Headers */,
			);
			runOnlyForDeploymentPostprocessing = 0;
		};
/* End PBXHeadersBuildPhase section */

/* Begin PBXNativeTarget section */
		2D374F1F1E880E7200AE2A81 /* BluesnapSDK */ = {
			isa = PBXNativeTarget;
			buildConfigurationList = 2D374F341E880E7300AE2A81 /* Build configuration list for PBXNativeTarget "BluesnapSDK" */;
			buildPhases = (
				2D374F1B1E880E7200AE2A81 /* Sources */,
				2D374F1C1E880E7200AE2A81 /* Frameworks */,
				2D374F1D1E880E7200AE2A81 /* Headers */,
				2D374F1E1E880E7200AE2A81 /* Resources */,
			);
			buildRules = (
			);
			dependencies = (
			);
			name = BluesnapSDK;
			productName = BluesnapSDK;
			productReference = 2D374F201E880E7200AE2A81 /* BluesnapSDK.framework */;
			productType = "com.apple.product-type.framework";
		};
		2D374F281E880E7300AE2A81 /* BluesnapSDKTests */ = {
			isa = PBXNativeTarget;
			buildConfigurationList = 2D374F371E880E7300AE2A81 /* Build configuration list for PBXNativeTarget "BluesnapSDKTests" */;
			buildPhases = (
				2D374F251E880E7300AE2A81 /* Sources */,
				2D374F261E880E7300AE2A81 /* Frameworks */,
				2D374F271E880E7300AE2A81 /* Resources */,
			);
			buildRules = (
			);
			dependencies = (
				2D374F2C1E880E7300AE2A81 /* PBXTargetDependency */,
			);
			name = BluesnapSDKTests;
			productName = BluesnapSDKTests;
			productReference = 2D374F291E880E7300AE2A81 /* BluesnapSDKTests.xctest */;
			productType = "com.apple.product-type.bundle.unit-test";
		};
/* End PBXNativeTarget section */

/* Begin PBXProject section */
		2D374F171E880E7200AE2A81 /* Project object */ = {
			isa = PBXProject;
			attributes = {
				LastSwiftUpdateCheck = 0820;
				LastUpgradeCheck = 0820;
				ORGANIZATIONNAME = Bluesnap;
				TargetAttributes = {
					2D374F1F1E880E7200AE2A81 = {
						CreatedOnToolsVersion = 8.2.1;
						DevelopmentTeam = AYTGDKG3D8;
						LastSwiftMigration = 0820;
						ProvisioningStyle = Automatic;
					};
					2D374F281E880E7300AE2A81 = {
						CreatedOnToolsVersion = 8.2.1;
						DevelopmentTeam = AYTGDKG3D8;
						ProvisioningStyle = Automatic;
					};
				};
			};
			buildConfigurationList = 2D374F1A1E880E7200AE2A81 /* Build configuration list for PBXProject "BluesnapSDK" */;
			compatibilityVersion = "Xcode 3.2";
			developmentRegion = English;
			hasScannedForEncodings = 0;
			knownRegions = (
				en,
				Base,
			);
			mainGroup = 2D374F161E880E7200AE2A81;
			productRefGroup = 2D374F211E880E7200AE2A81 /* Products */;
			projectDirPath = "";
			projectRoot = "";
			targets = (
				2D374F1F1E880E7200AE2A81 /* BluesnapSDK */,
				2D374F281E880E7300AE2A81 /* BluesnapSDKTests */,
			);
		};
/* End PBXProject section */

/* Begin PBXResourcesBuildPhase section */
		2D374F1E1E880E7200AE2A81 /* Resources */ = {
			isa = PBXResourcesBuildPhase;
			buildActionMask = 2147483647;
			files = (
				FD53ABB01EBDFCEB0055C34D /* Media.xcassets in Resources */,
				2DADB9D51EC31F3200C1A2D2 /* BlueSnap.storyboard in Resources */,
			);
			runOnlyForDeploymentPostprocessing = 0;
		};
		2D374F271E880E7300AE2A81 /* Resources */ = {
			isa = PBXResourcesBuildPhase;
			buildActionMask = 2147483647;
			files = (
			);
			runOnlyForDeploymentPostprocessing = 0;
		};
/* End PBXResourcesBuildPhase section */

/* Begin PBXSourcesBuildPhase section */
		2D374F1B1E880E7200AE2A81 /* Sources */ = {
			isa = PBXSourcesBuildPhase;
			buildActionMask = 2147483647;
			files = (
				FD7B0E191E9283F1006F4CBC /* BSShippingViewController.swift in Sources */,
				2D374F491E880EF100AE2A81 /* BSCurrencyModel.swift in Sources */,
				FDA0772D1EAC8EAE0045E920 /* BSCountryManager.swift in Sources */,
				FDA6BE311E938B63006C3359 /* BSValidator.swift in Sources */,
				FD52D50E1EBF3F6500360863 /* BSStateTableViewCell.swift in Sources */,
				2D374F4D1E880EF100AE2A81 /* BlueSnapSDK.swift in Sources */,
				FD4A14C71E96068300EDBFC0 /* BSApiManager.swift in Sources */,
				FD1ACDEF1EA5E0150010C983 /* BSPurchaseDataModel.swift in Sources */,
				FD1ACDED1E9F66170010C983 /* BSCurrencyTableViewCell.swift in Sources */,
				FD3431061E94EF2E006B6CD5 /* BSWebViewController.swift in Sources */,
				FD6749491EBB12E700B8076C /* BSPopupMenuViewController.swift in Sources */,
				FD1ACDEB1E9F59B40010C983 /* BSCurrencviesViewController.swift in Sources */,
				FDA0772F1EAC91990045E920 /* BSCountryViewController.swift in Sources */,
				2D374F4C1E880EF100AE2A81 /* BSToken.swift in Sources */,
				FD43A0AF1ECC2367000BF7A1 /* BSStartViewController.swift in Sources */,
				FDA077311EAC94CF0045E920 /* BSCountryTableViewCell.swift in Sources */,
				FDA077331EACACD50045E920 /* BSViewsManager.swift in Sources */,
				2D374F451E880EF100AE2A81 /* BSSummaryScreen.swift in Sources */,
				FD4D4D421EB1BBED00D40B2A /* BSStatesViewController.swift in Sources */,
			);
			runOnlyForDeploymentPostprocessing = 0;
		};
		2D374F251E880E7300AE2A81 /* Sources */ = {
			isa = PBXSourcesBuildPhase;
			buildActionMask = 2147483647;
			files = (
				2D374F2F1E880E7300AE2A81 /* BluesnapSDKTests.swift in Sources */,
			);
			runOnlyForDeploymentPostprocessing = 0;
		};
/* End PBXSourcesBuildPhase section */

/* Begin PBXTargetDependency section */
		2D374F2C1E880E7300AE2A81 /* PBXTargetDependency */ = {
			isa = PBXTargetDependency;
			target = 2D374F1F1E880E7200AE2A81 /* BluesnapSDK */;
			targetProxy = 2D374F2B1E880E7300AE2A81 /* PBXContainerItemProxy */;
		};
/* End PBXTargetDependency section */

/* Begin PBXVariantGroup section */
		2DADB9D71EC31F3200C1A2D2 /* BlueSnap.storyboard */ = {
			isa = PBXVariantGroup;
			children = (
				2DADB9D81EC31F4200C1A2D2 /* Base */,
				2DADB9DA1EC31F5400C1A2D2 /* en */,
				2DADB9DB1EC3201A00C1A2D2 /* he */,
			);
			name = BlueSnap.storyboard;
			sourceTree = "<group>";
		};
/* End PBXVariantGroup section */

/* Begin XCBuildConfiguration section */
		2D374F321E880E7300AE2A81 /* Debug */ = {
			isa = XCBuildConfiguration;
			buildSettings = {
				ALWAYS_SEARCH_USER_PATHS = NO;
				CLANG_ANALYZER_LOCALIZABILITY_NONLOCALIZED = YES;
				CLANG_ANALYZER_NONNULL = YES;
				CLANG_CXX_LANGUAGE_STANDARD = "gnu++0x";
				CLANG_CXX_LIBRARY = "libc++";
				CLANG_ENABLE_MODULES = YES;
				CLANG_ENABLE_OBJC_ARC = YES;
				CLANG_WARN_BOOL_CONVERSION = YES;
				CLANG_WARN_CONSTANT_CONVERSION = YES;
				CLANG_WARN_DIRECT_OBJC_ISA_USAGE = YES_ERROR;
				CLANG_WARN_DOCUMENTATION_COMMENTS = YES;
				CLANG_WARN_EMPTY_BODY = YES;
				CLANG_WARN_ENUM_CONVERSION = YES;
				CLANG_WARN_INFINITE_RECURSION = YES;
				CLANG_WARN_INT_CONVERSION = YES;
				CLANG_WARN_OBJC_ROOT_CLASS = YES_ERROR;
				CLANG_WARN_SUSPICIOUS_MOVE = YES;
				CLANG_WARN_UNREACHABLE_CODE = YES;
				CLANG_WARN__DUPLICATE_METHOD_MATCH = YES;
				"CODE_SIGN_IDENTITY[sdk=iphoneos*]" = "iPhone Developer";
				COPY_PHASE_STRIP = NO;
				CURRENT_PROJECT_VERSION = 1;
				DEBUG_INFORMATION_FORMAT = dwarf;
				ENABLE_STRICT_OBJC_MSGSEND = YES;
				ENABLE_TESTABILITY = YES;
				GCC_C_LANGUAGE_STANDARD = gnu99;
				GCC_DYNAMIC_NO_PIC = NO;
				GCC_NO_COMMON_BLOCKS = YES;
				GCC_OPTIMIZATION_LEVEL = 0;
				GCC_PREPROCESSOR_DEFINITIONS = (
					"DEBUG=1",
					"$(inherited)",
				);
				GCC_WARN_64_TO_32_BIT_CONVERSION = YES;
				GCC_WARN_ABOUT_RETURN_TYPE = YES_ERROR;
				GCC_WARN_UNDECLARED_SELECTOR = YES;
				GCC_WARN_UNINITIALIZED_AUTOS = YES_AGGRESSIVE;
				GCC_WARN_UNUSED_FUNCTION = YES;
				GCC_WARN_UNUSED_VARIABLE = YES;
				IPHONEOS_DEPLOYMENT_TARGET = 9.0;
				MTL_ENABLE_DEBUG_INFO = YES;
				ONLY_ACTIVE_ARCH = YES;
				SDKROOT = iphoneos;
				SWIFT_ACTIVE_COMPILATION_CONDITIONS = DEBUG;
				SWIFT_OPTIMIZATION_LEVEL = "-Onone";
				TARGETED_DEVICE_FAMILY = "1,2";
				VERSIONING_SYSTEM = "apple-generic";
				VERSION_INFO_PREFIX = "";
			};
			name = Debug;
		};
		2D374F331E880E7300AE2A81 /* Release */ = {
			isa = XCBuildConfiguration;
			buildSettings = {
				ALWAYS_SEARCH_USER_PATHS = NO;
				CLANG_ANALYZER_LOCALIZABILITY_NONLOCALIZED = YES;
				CLANG_ANALYZER_NONNULL = YES;
				CLANG_CXX_LANGUAGE_STANDARD = "gnu++0x";
				CLANG_CXX_LIBRARY = "libc++";
				CLANG_ENABLE_MODULES = YES;
				CLANG_ENABLE_OBJC_ARC = YES;
				CLANG_WARN_BOOL_CONVERSION = YES;
				CLANG_WARN_CONSTANT_CONVERSION = YES;
				CLANG_WARN_DIRECT_OBJC_ISA_USAGE = YES_ERROR;
				CLANG_WARN_DOCUMENTATION_COMMENTS = YES;
				CLANG_WARN_EMPTY_BODY = YES;
				CLANG_WARN_ENUM_CONVERSION = YES;
				CLANG_WARN_INFINITE_RECURSION = YES;
				CLANG_WARN_INT_CONVERSION = YES;
				CLANG_WARN_OBJC_ROOT_CLASS = YES_ERROR;
				CLANG_WARN_SUSPICIOUS_MOVE = YES;
				CLANG_WARN_UNREACHABLE_CODE = YES;
				CLANG_WARN__DUPLICATE_METHOD_MATCH = YES;
				"CODE_SIGN_IDENTITY[sdk=iphoneos*]" = "iPhone Developer";
				COPY_PHASE_STRIP = NO;
				CURRENT_PROJECT_VERSION = 1;
				DEBUG_INFORMATION_FORMAT = "dwarf-with-dsym";
				ENABLE_NS_ASSERTIONS = NO;
				ENABLE_STRICT_OBJC_MSGSEND = YES;
				GCC_C_LANGUAGE_STANDARD = gnu99;
				GCC_NO_COMMON_BLOCKS = YES;
				GCC_WARN_64_TO_32_BIT_CONVERSION = YES;
				GCC_WARN_ABOUT_RETURN_TYPE = YES_ERROR;
				GCC_WARN_UNDECLARED_SELECTOR = YES;
				GCC_WARN_UNINITIALIZED_AUTOS = YES_AGGRESSIVE;
				GCC_WARN_UNUSED_FUNCTION = YES;
				GCC_WARN_UNUSED_VARIABLE = YES;
				IPHONEOS_DEPLOYMENT_TARGET = 9.0;
				MTL_ENABLE_DEBUG_INFO = NO;
				SDKROOT = iphoneos;
				SWIFT_OPTIMIZATION_LEVEL = "-Owholemodule";
				TARGETED_DEVICE_FAMILY = "1,2";
				VALIDATE_PRODUCT = YES;
				VERSIONING_SYSTEM = "apple-generic";
				VERSION_INFO_PREFIX = "";
			};
			name = Release;
		};
		2D374F351E880E7300AE2A81 /* Debug */ = {
			isa = XCBuildConfiguration;
			buildSettings = {
				CLANG_ENABLE_MODULES = YES;
				CODE_SIGN_IDENTITY = "";
				DEFINES_MODULE = YES;
				DEVELOPMENT_TEAM = AYTGDKG3D8;
				DYLIB_COMPATIBILITY_VERSION = 1;
				DYLIB_CURRENT_VERSION = 1;
				DYLIB_INSTALL_NAME_BASE = "@rpath";
				INFOPLIST_FILE = BluesnapSDK/Info.plist;
				INSTALL_PATH = "$(LOCAL_LIBRARY_DIR)/Frameworks";
				IPHONEOS_DEPLOYMENT_TARGET = 9.0;
				LD_RUNPATH_SEARCH_PATHS = "$(inherited) @executable_path/Frameworks @loader_path/Frameworks";
				LIBRARY_SEARCH_PATHS = (
					"$(inherited)",
					"$(PROJECT_DIR)/Kount",
				);
				PRODUCT_BUNDLE_IDENTIFIER = com.bluesnap.BluesnapSDK;
				PRODUCT_NAME = "$(TARGET_NAME)";
				SKIP_INSTALL = YES;
				SWIFT_OPTIMIZATION_LEVEL = "-Onone";
				SWIFT_VERSION = 3.0;
			};
			name = Debug;
		};
		2D374F361E880E7300AE2A81 /* Release */ = {
			isa = XCBuildConfiguration;
			buildSettings = {
				CLANG_ENABLE_MODULES = YES;
				CODE_SIGN_IDENTITY = "";
				DEFINES_MODULE = YES;
				DEVELOPMENT_TEAM = AYTGDKG3D8;
				DYLIB_COMPATIBILITY_VERSION = 1;
				DYLIB_CURRENT_VERSION = 1;
				DYLIB_INSTALL_NAME_BASE = "@rpath";
				INFOPLIST_FILE = BluesnapSDK/Info.plist;
				INSTALL_PATH = "$(LOCAL_LIBRARY_DIR)/Frameworks";
				IPHONEOS_DEPLOYMENT_TARGET = 9.0;
				LD_RUNPATH_SEARCH_PATHS = "$(inherited) @executable_path/Frameworks @loader_path/Frameworks";
				LIBRARY_SEARCH_PATHS = (
					"$(inherited)",
					"$(PROJECT_DIR)/Kount",
				);
				PRODUCT_BUNDLE_IDENTIFIER = com.bluesnap.BluesnapSDK;
				PRODUCT_NAME = "$(TARGET_NAME)";
				SKIP_INSTALL = YES;
				SWIFT_VERSION = 3.0;
			};
			name = Release;
		};
		2D374F381E880E7300AE2A81 /* Debug */ = {
			isa = XCBuildConfiguration;
			buildSettings = {
				ALWAYS_EMBED_SWIFT_STANDARD_LIBRARIES = YES;
				DEVELOPMENT_TEAM = AYTGDKG3D8;
				INFOPLIST_FILE = BluesnapSDKTests/Info.plist;
				LD_RUNPATH_SEARCH_PATHS = "$(inherited) @executable_path/Frameworks @loader_path/Frameworks";
				PRODUCT_BUNDLE_IDENTIFIER = com.bluesnap.BluesnapSDKTests;
				PRODUCT_NAME = "$(TARGET_NAME)";
				SWIFT_VERSION = 3.0;
			};
			name = Debug;
		};
		2D374F391E880E7300AE2A81 /* Release */ = {
			isa = XCBuildConfiguration;
			buildSettings = {
				ALWAYS_EMBED_SWIFT_STANDARD_LIBRARIES = YES;
				DEVELOPMENT_TEAM = AYTGDKG3D8;
				INFOPLIST_FILE = BluesnapSDKTests/Info.plist;
				LD_RUNPATH_SEARCH_PATHS = "$(inherited) @executable_path/Frameworks @loader_path/Frameworks";
				PRODUCT_BUNDLE_IDENTIFIER = com.bluesnap.BluesnapSDKTests;
				PRODUCT_NAME = "$(TARGET_NAME)";
				SWIFT_VERSION = 3.0;
			};
			name = Release;
		};
/* End XCBuildConfiguration section */

/* Begin XCConfigurationList section */
		2D374F1A1E880E7200AE2A81 /* Build configuration list for PBXProject "BluesnapSDK" */ = {
			isa = XCConfigurationList;
			buildConfigurations = (
				2D374F321E880E7300AE2A81 /* Debug */,
				2D374F331E880E7300AE2A81 /* Release */,
			);
			defaultConfigurationIsVisible = 0;
			defaultConfigurationName = Release;
		};
		2D374F341E880E7300AE2A81 /* Build configuration list for PBXNativeTarget "BluesnapSDK" */ = {
			isa = XCConfigurationList;
			buildConfigurations = (
				2D374F351E880E7300AE2A81 /* Debug */,
				2D374F361E880E7300AE2A81 /* Release */,
			);
			defaultConfigurationIsVisible = 0;
			defaultConfigurationName = Release;
		};
		2D374F371E880E7300AE2A81 /* Build configuration list for PBXNativeTarget "BluesnapSDKTests" */ = {
			isa = XCConfigurationList;
			buildConfigurations = (
				2D374F381E880E7300AE2A81 /* Debug */,
				2D374F391E880E7300AE2A81 /* Release */,
			);
			defaultConfigurationIsVisible = 0;
			defaultConfigurationName = Release;
		};
/* End XCConfigurationList section */
	};
	rootObject = 2D374F171E880E7200AE2A81 /* Project object */;
}
