// !$*UTF8*$!
{
	archiveVersion = 1;
	classes = {
	};
	objectVersion = 46;
	objects = {

/* Begin PBXBuildFile section */
		94DDE1351C5E6D16007F2AC0 /* SwiftRates.framework in Frameworks */ = {isa = PBXBuildFile; fileRef = 94DDE1341C5E6D16007F2AC0 /* SwiftRates.framework */; };
		94DDE1371C5E6D1B007F2AC0 /* SwiftRates.framework in Embed Frameworks */ = {isa = PBXBuildFile; fileRef = 94DDE1341C5E6D16007F2AC0 /* SwiftRates.framework */; settings = {ATTRIBUTES = (CodeSignOnCopy, RemoveHeadersOnCopy, ); }; };
		94DDE16E1C5E95EE007F2AC0 /* Assets.xcassets in Resources */ = {isa = PBXBuildFile; fileRef = 94DDE1631C5E95EE007F2AC0 /* Assets.xcassets */; };
		94DDE16F1C5E95EE007F2AC0 /* AppDelegate.swift in Sources */ = {isa = PBXBuildFile; fileRef = 94DDE1651C5E95EE007F2AC0 /* AppDelegate.swift */; };
		94DDE1701C5E95EE007F2AC0 /* ViewController.swift in Sources */ = {isa = PBXBuildFile; fileRef = 94DDE1661C5E95EE007F2AC0 /* ViewController.swift */; };
		94DDE1721C5E95EE007F2AC0 /* LaunchScreen.storyboard in Resources */ = {isa = PBXBuildFile; fileRef = 94DDE16A1C5E95EE007F2AC0 /* LaunchScreen.storyboard */; };
		94DDE1731C5E95EE007F2AC0 /* Main.storyboard in Resources */ = {isa = PBXBuildFile; fileRef = 94DDE16C1C5E95EE007F2AC0 /* Main.storyboard */; };
/* End PBXBuildFile section */

/* Begin PBXCopyFilesBuildPhase section */
		94DDE1381C5E6D1B007F2AC0 /* Embed Frameworks */ = {
			isa = PBXCopyFilesBuildPhase;
			buildActionMask = 2147483647;
			dstPath = "";
			dstSubfolderSpec = 10;
			files = (
				94DDE1371C5E6D1B007F2AC0 /* SwiftRates.framework in Embed Frameworks */,
			);
			name = "Embed Frameworks";
			runOnlyForDeploymentPostprocessing = 0;
		};
/* End PBXCopyFilesBuildPhase section */

/* Begin PBXFileReference section */
		94DDE1341C5E6D16007F2AC0 /* SwiftRates.framework */ = {isa = PBXFileReference; lastKnownFileType = wrapper.framework; name = SwiftRates.framework; path = ../../../Framework/SwiftRates.framework; sourceTree = "<group>"; };
		94DDE1631C5E95EE007F2AC0 /* Assets.xcassets */ = {isa = PBXFileReference; lastKnownFileType = folder.assetcatalog; path = Assets.xcassets; sourceTree = "<group>"; };
		94DDE1651C5E95EE007F2AC0 /* AppDelegate.swift */ = {isa = PBXFileReference; fileEncoding = 4; lastKnownFileType = sourcecode.swift; path = AppDelegate.swift; sourceTree = "<group>"; };
		94DDE1661C5E95EE007F2AC0 /* ViewController.swift */ = {isa = PBXFileReference; fileEncoding = 4; lastKnownFileType = sourcecode.swift; path = ViewController.swift; sourceTree = "<group>"; };
		94DDE1681C5E95EE007F2AC0 /* Info.plist */ = {isa = PBXFileReference; fileEncoding = 4; lastKnownFileType = text.plist.xml; path = Info.plist; sourceTree = "<group>"; };
		94DDE16B1C5E95EE007F2AC0 /* Base */ = {isa = PBXFileReference; lastKnownFileType = file.storyboard; name = Base; path = Base.lproj/LaunchScreen.storyboard; sourceTree = "<group>"; };
		94DDE16D1C5E95EE007F2AC0 /* Base */ = {isa = PBXFileReference; lastKnownFileType = file.storyboard; name = Base; path = Base.lproj/Main.storyboard; sourceTree = "<group>"; };
		94E701A51C5DEDAE0073F84F /* RatesSwiftExample.app */ = {isa = PBXFileReference; explicitFileType = wrapper.application; includeInIndex = 0; path = RatesSwiftExample.app; sourceTree = BUILT_PRODUCTS_DIR; };
/* End PBXFileReference section */

/* Begin PBXFrameworksBuildPhase section */
		94E701A21C5DEDAE0073F84F /* Frameworks */ = {
			isa = PBXFrameworksBuildPhase;
			buildActionMask = 2147483647;
			files = (
				94DDE1351C5E6D16007F2AC0 /* SwiftRates.framework in Frameworks */,
			);
			runOnlyForDeploymentPostprocessing = 0;
		};
/* End PBXFrameworksBuildPhase section */

/* Begin PBXGroup section */
		94DDE1611C5E95A4007F2AC0 /* Frameworks */ = {
			isa = PBXGroup;
			children = (
				94DDE1341C5E6D16007F2AC0 /* SwiftRates.framework */,
			);
			name = Frameworks;
			sourceTree = "<group>";
		};
		94DDE1621C5E95EE007F2AC0 /* Assets */ = {
			isa = PBXGroup;
			children = (
				94DDE1631C5E95EE007F2AC0 /* Assets.xcassets */,
			);
			path = Assets;
			sourceTree = "<group>";
		};
		94DDE1641C5E95EE007F2AC0 /* Sources */ = {
			isa = PBXGroup;
			children = (
				94DDE1651C5E95EE007F2AC0 /* AppDelegate.swift */,
				94DDE1661C5E95EE007F2AC0 /* ViewController.swift */,
			);
			path = Sources;
			sourceTree = "<group>";
		};
		94DDE1671C5E95EE007F2AC0 /* Supporting Files */ = {
			isa = PBXGroup;
			children = (
				94DDE1681C5E95EE007F2AC0 /* Info.plist */,
			);
			path = "Supporting Files";
			sourceTree = "<group>";
		};
		94DDE1691C5E95EE007F2AC0 /* UI */ = {
			isa = PBXGroup;
			children = (
				94DDE16A1C5E95EE007F2AC0 /* LaunchScreen.storyboard */,
				94DDE16C1C5E95EE007F2AC0 /* Main.storyboard */,
			);
			path = UI;
			sourceTree = "<group>";
		};
		94E7019C1C5DEDAE0073F84F = {
			isa = PBXGroup;
			children = (
				94E701A71C5DEDAE0073F84F /* RatesSwiftExample */,
				94DDE1611C5E95A4007F2AC0 /* Frameworks */,
				94E701A61C5DEDAE0073F84F /* Products */,
			);
			sourceTree = "<group>";
		};
		94E701A61C5DEDAE0073F84F /* Products */ = {
			isa = PBXGroup;
			children = (
				94E701A51C5DEDAE0073F84F /* RatesSwiftExample.app */,
			);
			name = Products;
			sourceTree = "<group>";
		};
		94E701A71C5DEDAE0073F84F /* RatesSwiftExample */ = {
			isa = PBXGroup;
			children = (
				94DDE1641C5E95EE007F2AC0 /* Sources */,
				94DDE1691C5E95EE007F2AC0 /* UI */,
				94DDE1621C5E95EE007F2AC0 /* Assets */,
				94DDE1671C5E95EE007F2AC0 /* Supporting Files */,
			);
			path = RatesSwiftExample;
			sourceTree = "<group>";
		};
/* End PBXGroup section */

/* Begin PBXNativeTarget section */
		94E701A41C5DEDAE0073F84F /* RatesSwiftExample */ = {
			isa = PBXNativeTarget;
			buildConfigurationList = 94E701B71C5DEDAE0073F84F /* Build configuration list for PBXNativeTarget "RatesSwiftExample" */;
			buildPhases = (
				94E701A11C5DEDAE0073F84F /* Sources */,
				94E701A21C5DEDAE0073F84F /* Frameworks */,
				94E701A31C5DEDAE0073F84F /* Resources */,
				94DDE1381C5E6D1B007F2AC0 /* Embed Frameworks */,
			);
			buildRules = (
			);
			dependencies = (
			);
			name = RatesSwiftExample;
			productName = RatesSwiftExample;
			productReference = 94E701A51C5DEDAE0073F84F /* RatesSwiftExample.app */;
			productType = "com.apple.product-type.application";
		};
/* End PBXNativeTarget section */

/* Begin PBXProject section */
		94E7019D1C5DEDAE0073F84F /* Project object */ = {
			isa = PBXProject;
			attributes = {
				LastSwiftUpdateCheck = 0720;
				LastUpgradeCheck = 0820;
				ORGANIZATIONNAME = "BLUESNAP";
				TargetAttributes = {
					94E701A41C5DEDAE0073F84F = {
						CreatedOnToolsVersion = 7.2;
						DevelopmentTeam = AYTGDKG3D8;
						LastSwiftMigration = 0820;
						ProvisioningStyle = Automatic;
					};
				};
			};
			buildConfigurationList = 94E701A01C5DEDAE0073F84F /* Build configuration list for PBXProject "RatesSwiftExample" */;
			compatibilityVersion = "Xcode 3.2";
			developmentRegion = English;
			hasScannedForEncodings = 0;
			knownRegions = (
				en,
				Base,
			);
			mainGroup = 94E7019C1C5DEDAE0073F84F;
			productRefGroup = 94E701A61C5DEDAE0073F84F /* Products */;
			projectDirPath = "";
			projectRoot = "";
			targets = (
				94E701A41C5DEDAE0073F84F /* RatesSwiftExample */,
			);
		};
/* End PBXProject section */

/* Begin PBXResourcesBuildPhase section */
		94E701A31C5DEDAE0073F84F /* Resources */ = {
			isa = PBXResourcesBuildPhase;
			buildActionMask = 2147483647;
			files = (
				94DDE1721C5E95EE007F2AC0 /* LaunchScreen.storyboard in Resources */,
				94DDE16E1C5E95EE007F2AC0 /* Assets.xcassets in Resources */,
				94DDE1731C5E95EE007F2AC0 /* Main.storyboard in Resources */,
			);
			runOnlyForDeploymentPostprocessing = 0;
		};
/* End PBXResourcesBuildPhase section */

/* Begin PBXSourcesBuildPhase section */
		94E701A11C5DEDAE0073F84F /* Sources */ = {
			isa = PBXSourcesBuildPhase;
			buildActionMask = 2147483647;
			files = (
				94DDE1701C5E95EE007F2AC0 /* ViewController.swift in Sources */,
				94DDE16F1C5E95EE007F2AC0 /* AppDelegate.swift in Sources */,
			);
			runOnlyForDeploymentPostprocessing = 0;
		};
/* End PBXSourcesBuildPhase section */

/* Begin PBXVariantGroup section */
		94DDE16A1C5E95EE007F2AC0 /* LaunchScreen.storyboard */ = {
			isa = PBXVariantGroup;
			children = (
				94DDE16B1C5E95EE007F2AC0 /* Base */,
			);
			name = LaunchScreen.storyboard;
			sourceTree = "<group>";
		};
		94DDE16C1C5E95EE007F2AC0 /* Main.storyboard */ = {
			isa = PBXVariantGroup;
			children = (
				94DDE16D1C5E95EE007F2AC0 /* Base */,
			);
			name = Main.storyboard;
			sourceTree = "<group>";
		};
/* End PBXVariantGroup section */

/* Begin XCBuildConfiguration section */
		94E701B51C5DEDAE0073F84F /* Debug */ = {
			isa = XCBuildConfiguration;
			buildSettings = {
				ALWAYS_SEARCH_USER_PATHS = NO;
				CLANG_CXX_LANGUAGE_STANDARD = "gnu++0x";
				CLANG_CXX_LIBRARY = "libc++";
				CLANG_ENABLE_MODULES = YES;
				CLANG_ENABLE_OBJC_ARC = YES;
				CLANG_WARN_BOOL_CONVERSION = YES;
				CLANG_WARN_CONSTANT_CONVERSION = YES;
				CLANG_WARN_DIRECT_OBJC_ISA_USAGE = YES_ERROR;
				CLANG_WARN_EMPTY_BODY = YES;
				CLANG_WARN_ENUM_CONVERSION = YES;
				CLANG_WARN_INFINITE_RECURSION = YES;
				CLANG_WARN_INT_CONVERSION = YES;
				CLANG_WARN_OBJC_ROOT_CLASS = YES_ERROR;
				CLANG_WARN_SUSPICIOUS_MOVE = YES;
				CLANG_WARN_UNREACHABLE_CODE = YES;
				CLANG_WARN__DUPLICATE_METHOD_MATCH = YES;
				"CODE_SIGN_IDENTITY[sdk=iphoneos*]" = "iPhone Developer";
				COPY_PHASE_STRIP = NO;
				DEBUG_INFORMATION_FORMAT = dwarf;
				ENABLE_STRICT_OBJC_MSGSEND = YES;
				ENABLE_TESTABILITY = YES;
				GCC_C_LANGUAGE_STANDARD = gnu99;
				GCC_DYNAMIC_NO_PIC = NO;
				GCC_NO_COMMON_BLOCKS = YES;
				GCC_OPTIMIZATION_LEVEL = 0;
				GCC_PREPROCESSOR_DEFINITIONS = (
					"DEBUG=1",
					"$(inherited)",
				);
				GCC_WARN_64_TO_32_BIT_CONVERSION = YES;
				GCC_WARN_ABOUT_RETURN_TYPE = YES_ERROR;
				GCC_WARN_UNDECLARED_SELECTOR = YES;
				GCC_WARN_UNINITIALIZED_AUTOS = YES_AGGRESSIVE;
				GCC_WARN_UNUSED_FUNCTION = YES;
				GCC_WARN_UNUSED_VARIABLE = YES;
				IPHONEOS_DEPLOYMENT_TARGET = 9.2;
				MTL_ENABLE_DEBUG_INFO = YES;
				ONLY_ACTIVE_ARCH = YES;
				SDKROOT = iphoneos;
				SWIFT_OPTIMIZATION_LEVEL = "-Onone";
				TARGETED_DEVICE_FAMILY = "1,2";
			};
			name = Debug;
		};
		94E701B61C5DEDAE0073F84F /* Release */ = {
			isa = XCBuildConfiguration;
			buildSettings = {
				ALWAYS_SEARCH_USER_PATHS = NO;
				CLANG_CXX_LANGUAGE_STANDARD = "gnu++0x";
				CLANG_CXX_LIBRARY = "libc++";
				CLANG_ENABLE_MODULES = YES;
				CLANG_ENABLE_OBJC_ARC = YES;
				CLANG_WARN_BOOL_CONVERSION = YES;
				CLANG_WARN_CONSTANT_CONVERSION = YES;
				CLANG_WARN_DIRECT_OBJC_ISA_USAGE = YES_ERROR;
				CLANG_WARN_EMPTY_BODY = YES;
				CLANG_WARN_ENUM_CONVERSION = YES;
				CLANG_WARN_INFINITE_RECURSION = YES;
				CLANG_WARN_INT_CONVERSION = YES;
				CLANG_WARN_OBJC_ROOT_CLASS = YES_ERROR;
				CLANG_WARN_SUSPICIOUS_MOVE = YES;
				CLANG_WARN_UNREACHABLE_CODE = YES;
				CLANG_WARN__DUPLICATE_METHOD_MATCH = YES;
				"CODE_SIGN_IDENTITY[sdk=iphoneos*]" = "iPhone Developer";
				COPY_PHASE_STRIP = NO;
				DEBUG_INFORMATION_FORMAT = "dwarf-with-dsym";
				ENABLE_NS_ASSERTIONS = NO;
				ENABLE_STRICT_OBJC_MSGSEND = YES;
				GCC_C_LANGUAGE_STANDARD = gnu99;
				GCC_NO_COMMON_BLOCKS = YES;
				GCC_WARN_64_TO_32_BIT_CONVERSION = YES;
				GCC_WARN_ABOUT_RETURN_TYPE = YES_ERROR;
				GCC_WARN_UNDECLARED_SELECTOR = YES;
				GCC_WARN_UNINITIALIZED_AUTOS = YES_AGGRESSIVE;
				GCC_WARN_UNUSED_FUNCTION = YES;
				GCC_WARN_UNUSED_VARIABLE = YES;
				IPHONEOS_DEPLOYMENT_TARGET = 9.2;
				MTL_ENABLE_DEBUG_INFO = NO;
				SDKROOT = iphoneos;
				SWIFT_OPTIMIZATION_LEVEL = "-Owholemodule";
				TARGETED_DEVICE_FAMILY = "1,2";
				VALIDATE_PRODUCT = YES;
			};
			name = Release;
		};
		94E701B81C5DEDAE0073F84F /* Debug */ = {
			isa = XCBuildConfiguration;
			buildSettings = {
				ASSETCATALOG_COMPILER_APPICON_NAME = AppIcon;
				CODE_SIGN_IDENTITY = "iPhone Developer: oribsnap@gmail.com (EHZTDAGEUG)";
				"CODE_SIGN_IDENTITY[sdk=iphoneos*]" = "iPhone Developer";
				DEVELOPMENT_TEAM = AYTGDKG3D8;
				INFOPLIST_FILE = "$(SRCROOT)/RatesSwiftExample/Supporting Files/Info.plist";
				IPHONEOS_DEPLOYMENT_TARGET = 9.0;
				LD_RUNPATH_SEARCH_PATHS = "$(inherited) @executable_path/Frameworks";
				PRODUCT_BUNDLE_IDENTIFIER = com.bs.RatesSwiftExample;
				PRODUCT_NAME = "$(TARGET_NAME)";
				PROVISIONING_PROFILE = "";
				SWIFT_VERSION = 3.0;
			};
			name = Debug;
		};
		94E701B91C5DEDAE0073F84F /* Release */ = {
			isa = XCBuildConfiguration;
			buildSettings = {
				ASSETCATALOG_COMPILER_APPICON_NAME = AppIcon;
				CODE_SIGN_IDENTITY = "iPhone Developer: oribsnap@gmail.com (EHZTDAGEUG)";
				"CODE_SIGN_IDENTITY[sdk=iphoneos*]" = "iPhone Developer";
				DEVELOPMENT_TEAM = AYTGDKG3D8;
				INFOPLIST_FILE = "$(SRCROOT)/RatesSwiftExample/Supporting Files/Info.plist";
				IPHONEOS_DEPLOYMENT_TARGET = 9.0;
				LD_RUNPATH_SEARCH_PATHS = "$(inherited) @executable_path/Frameworks";
				PRODUCT_BUNDLE_IDENTIFIER = com.bs.RatesSwiftExample;
				PRODUCT_NAME = "$(TARGET_NAME)";
				PROVISIONING_PROFILE = "";
				SWIFT_VERSION = 3.0;
			};
			name = Release;
		};
/* End XCBuildConfiguration section */

/* Begin XCConfigurationList section */
		94E701A01C5DEDAE0073F84F /* Build configuration list for PBXProject "RatesSwiftExample" */ = {
			isa = XCConfigurationList;
			buildConfigurations = (
				94E701B51C5DEDAE0073F84F /* Debug */,
				94E701B61C5DEDAE0073F84F /* Release */,
			);
			defaultConfigurationIsVisible = 0;
			defaultConfigurationName = Release;
		};
		94E701B71C5DEDAE0073F84F /* Build configuration list for PBXNativeTarget "RatesSwiftExample" */ = {
			isa = XCConfigurationList;
			buildConfigurations = (
				94E701B81C5DEDAE0073F84F /* Debug */,
				94E701B91C5DEDAE0073F84F /* Release */,
			);
			defaultConfigurationIsVisible = 0;
			defaultConfigurationName = Release;
		};
/* End XCConfigurationList section */
	};
	rootObject = 94E7019D1C5DEDAE0073F84F /* Project object */;
}
