// !$*UTF8*$!
{
	archiveVersion = 1;
	classes = {
	};
	objectVersion = 47;
	objects = {

/* Begin PBXBuildFile section */
		1FB16770CD40F56A72395E64 /* QuartzCore.framework in Frameworks */ = {isa = PBXBuildFile; fileRef = DD1DA5729FE41DCDE3370A44 /* QuartzCore.framework */; };
		2BD8416A4F3F56397FBFF85B /* AssetsLibrary.framework in Frameworks */ = {isa = PBXBuildFile; fileRef = 5EE4EA591293E02F03418C9B /* AssetsLibrary.framework */; };
		2D4E27831E8808A700C56C46 /* AppDelegate.swift in Sources */ = {isa = PBXBuildFile; fileRef = 2D4E27821E8808A700C56C46 /* AppDelegate.swift */; };
		2D4E27851E8808A700C56C46 /* ViewController.swift in Sources */ = {isa = PBXBuildFile; fileRef = 2D4E27841E8808A700C56C46 /* ViewController.swift */; };
		2D4E27881E8808A700C56C46 /* Main.storyboard in Resources */ = {isa = PBXBuildFile; fileRef = 2D4E27861E8808A700C56C46 /* Main.storyboard */; };
		2D4E278A1E8808A700C56C46 /* Assets.xcassets in Resources */ = {isa = PBXBuildFile; fileRef = 2D4E27891E8808A700C56C46 /* Assets.xcassets */; };
		2D4E278D1E8808A700C56C46 /* LaunchScreen.storyboard in Resources */ = {isa = PBXBuildFile; fileRef = 2D4E278B1E8808A700C56C46 /* LaunchScreen.storyboard */; };
		2D4E27981E8808A800C56C46 /* BluesnapSDKExampleTests.swift in Sources */ = {isa = PBXBuildFile; fileRef = 2D4E27971E8808A800C56C46 /* BluesnapSDKExampleTests.swift */; };
		2D4E27A31E8808A800C56C46 /* BluesnapSDKExampleUITests.swift in Sources */ = {isa = PBXBuildFile; fileRef = 2D4E27A21E8808A800C56C46 /* BluesnapSDKExampleUITests.swift */; };
		2DD7F1161E8824FB002C5571 /* BluesnapSDK.framework in Frameworks */ = {isa = PBXBuildFile; fileRef = 2DD7F1131E88245D002C5571 /* BluesnapSDK.framework */; };
		2DD7F1181E882504002C5571 /* BluesnapSDK.framework in Embed Frameworks */ = {isa = PBXBuildFile; fileRef = 2DD7F1131E88245D002C5571 /* BluesnapSDK.framework */; settings = {ATTRIBUTES = (CodeSignOnCopy, RemoveHeadersOnCopy, ); }; };
		4D5CEB2F763E1F3F19524806 /* SystemConfiguration.framework in Frameworks */ = {isa = PBXBuildFile; fileRef = BEEF86EB87F386F09F86E0A4 /* SystemConfiguration.framework */; };
		57D13E882064A676F993C974 /* AVFoundation.framework in Frameworks */ = {isa = PBXBuildFile; fileRef = 8243E4BB77697B4BC726DFC1 /* AVFoundation.framework */; };
		656BC4430E7C9FD3E9BFA1EB /* CoreTelephony.framework in Frameworks */ = {isa = PBXBuildFile; fileRef = 0C7795A84BCD9A86582908E6 /* CoreTelephony.framework */; };
		6A0D56668683F67E8BCFD6EC /* CoreMedia.framework in Frameworks */ = {isa = PBXBuildFile; fileRef = F7A1D0EF03F84A1CE191C991 /* CoreMedia.framework */; };
		926D45929502286419E25FCB /* CoreText.framework in Frameworks */ = {isa = PBXBuildFile; fileRef = 3C4E68941D1C882B3AE350E9 /* CoreText.framework */; };
		D4BF8F684D49EBF26C3471C0 /* BuddyBuildSDK.framework in Frameworks */ = {isa = PBXBuildFile; fileRef = BFD5DA00E6D9D413F0E884C5 /* BuddyBuildSDK.framework */; };
		E09E73F9DBF6074864644F11 /* CoreVideo.framework in Frameworks */ = {isa = PBXBuildFile; fileRef = 57BBCD0E0159D220A2D83C91 /* CoreVideo.framework */; };
		FD50228F1F6137A900C820AC /* BSPaymentTypeScreenUITestHelper.swift in Sources */ = {isa = PBXBuildFile; fileRef = FD50228E1F6137A900C820AC /* BSPaymentTypeScreenUITestHelper.swift */; };
		FD5022911F61399300C820AC /* BSPaymentScreenUITestHelper.swift in Sources */ = {isa = PBXBuildFile; fileRef = FD5022901F61399300C820AC /* BSPaymentScreenUITestHelper.swift */; };
		FD5022931F67AD6B00C820AC /* BSShippingScreenUITestHelper.swift in Sources */ = {isa = PBXBuildFile; fileRef = FD5022921F67AD6B00C820AC /* BSShippingScreenUITestHelper.swift */; };
		FD6479EE1FB44D6D00403E7D /* BSExistingCcScreenUITestHelper.swift in Sources */ = {isa = PBXBuildFile; fileRef = FD6479ED1FB44D6D00403E7D /* BSExistingCcScreenUITestHelper.swift */; };
		FD68146D1F405EAD00FAE1ED /* Localizable.strings in Resources */ = {isa = PBXBuildFile; fileRef = FD68146F1F405EAD00FAE1ED /* Localizable.strings */; };
		FD89AB641EB6038600A1B257 /* DemoTransactions.swift in Sources */ = {isa = PBXBuildFile; fileRef = FD89AB631EB6038600A1B257 /* DemoTransactions.swift */; };
		FDF2217C1F25CAB10078217C /* ThankYouViewController.swift in Sources */ = {isa = PBXBuildFile; fileRef = FDF2217B1F25CAB10078217C /* ThankYouViewController.swift */; };
/* End PBXBuildFile section */

/* Begin PBXContainerItemProxy section */
		2D4E27941E8808A800C56C46 /* PBXContainerItemProxy */ = {
			isa = PBXContainerItemProxy;
			containerPortal = 2D4E27771E8808A700C56C46 /* Project object */;
			proxyType = 1;
			remoteGlobalIDString = 2D4E277E1E8808A700C56C46;
			remoteInfo = BluesnapSDKExample;
		};
		2D4E279F1E8808A800C56C46 /* PBXContainerItemProxy */ = {
			isa = PBXContainerItemProxy;
			containerPortal = 2D4E27771E8808A700C56C46 /* Project object */;
			proxyType = 1;
			remoteGlobalIDString = 2D4E277E1E8808A700C56C46;
			remoteInfo = BluesnapSDKExample;
		};
		2DD7F1121E88245D002C5571 /* PBXContainerItemProxy */ = {
			isa = PBXContainerItemProxy;
			containerPortal = 2DD7F10D1E88245C002C5571 /* BluesnapSDK.xcodeproj */;
			proxyType = 2;
			remoteGlobalIDString = 2D374F201E880E7200AE2A81;
			remoteInfo = BluesnapSDK;
		};
		2DD7F1141E88245D002C5571 /* PBXContainerItemProxy */ = {
			isa = PBXContainerItemProxy;
			containerPortal = 2DD7F10D1E88245C002C5571 /* BluesnapSDK.xcodeproj */;
			proxyType = 2;
			remoteGlobalIDString = 2D374F291E880E7300AE2A81;
			remoteInfo = BluesnapSDKTests;
		};
		2DD7F1191E882504002C5571 /* PBXContainerItemProxy */ = {
			isa = PBXContainerItemProxy;
			containerPortal = 2DD7F10D1E88245C002C5571 /* BluesnapSDK.xcodeproj */;
			proxyType = 1;
			remoteGlobalIDString = 2D374F1F1E880E7200AE2A81;
			remoteInfo = BluesnapSDK;
		};
/* End PBXContainerItemProxy section */

/* Begin PBXCopyFilesBuildPhase section */
		2DD7F11B1E882505002C5571 /* Embed Frameworks */ = {
			isa = PBXCopyFilesBuildPhase;
			buildActionMask = 2147483647;
			dstPath = "";
			dstSubfolderSpec = 10;
			files = (
				2DD7F1181E882504002C5571 /* BluesnapSDK.framework in Embed Frameworks */,
			);
			name = "Embed Frameworks";
			runOnlyForDeploymentPostprocessing = 0;
		};
/* End PBXCopyFilesBuildPhase section */

/* Begin PBXFileReference section */
		0C7795A84BCD9A86582908E6 /* CoreTelephony.framework */ = {isa = PBXFileReference; lastKnownFileType = wrapper.framework; name = CoreTelephony.framework; path = System/Library/Frameworks/CoreTelephony.framework; sourceTree = SDKROOT; };
		2D374F511E88122500AE2A81 /* BluesnapSDK.framework */ = {isa = PBXFileReference; lastKnownFileType = wrapper.framework; name = BluesnapSDK.framework; path = "../../../../BluesnapIOS-ddzqhllkkdnpsmfrcakyiypzbmtw/Build/Products/Debug-iphoneos/BluesnapSDK.framework"; sourceTree = BUILT_PRODUCTS_DIR; };
		2D4E277F1E8808A700C56C46 /* BluesnapSDKExample.app */ = {isa = PBXFileReference; explicitFileType = wrapper.application; includeInIndex = 0; path = BluesnapSDKExample.app; sourceTree = BUILT_PRODUCTS_DIR; };
		2D4E27821E8808A700C56C46 /* AppDelegate.swift */ = {isa = PBXFileReference; lastKnownFileType = sourcecode.swift; path = AppDelegate.swift; sourceTree = "<group>"; };
		2D4E27841E8808A700C56C46 /* ViewController.swift */ = {isa = PBXFileReference; lastKnownFileType = sourcecode.swift; path = ViewController.swift; sourceTree = "<group>"; };
		2D4E27871E8808A700C56C46 /* Base */ = {isa = PBXFileReference; lastKnownFileType = file.storyboard; name = Base; path = Base.lproj/Main.storyboard; sourceTree = "<group>"; };
		2D4E27891E8808A700C56C46 /* Assets.xcassets */ = {isa = PBXFileReference; lastKnownFileType = folder.assetcatalog; path = Assets.xcassets; sourceTree = "<group>"; };
		2D4E278C1E8808A700C56C46 /* Base */ = {isa = PBXFileReference; lastKnownFileType = file.storyboard; name = Base; path = Base.lproj/LaunchScreen.storyboard; sourceTree = "<group>"; };
		2D4E278E1E8808A700C56C46 /* Info.plist */ = {isa = PBXFileReference; lastKnownFileType = text.plist.xml; path = Info.plist; sourceTree = "<group>"; };
		2D4E27931E8808A800C56C46 /* BluesnapSDKExampleTests.xctest */ = {isa = PBXFileReference; explicitFileType = wrapper.cfbundle; includeInIndex = 0; path = BluesnapSDKExampleTests.xctest; sourceTree = BUILT_PRODUCTS_DIR; };
		2D4E27971E8808A800C56C46 /* BluesnapSDKExampleTests.swift */ = {isa = PBXFileReference; lastKnownFileType = sourcecode.swift; path = BluesnapSDKExampleTests.swift; sourceTree = "<group>"; };
		2D4E27991E8808A800C56C46 /* Info.plist */ = {isa = PBXFileReference; lastKnownFileType = text.plist.xml; path = Info.plist; sourceTree = "<group>"; };
		2D4E279E1E8808A800C56C46 /* BluesnapSDKExampleUITests.xctest */ = {isa = PBXFileReference; explicitFileType = wrapper.cfbundle; includeInIndex = 0; path = BluesnapSDKExampleUITests.xctest; sourceTree = BUILT_PRODUCTS_DIR; };
		2D4E27A21E8808A800C56C46 /* BluesnapSDKExampleUITests.swift */ = {isa = PBXFileReference; lastKnownFileType = sourcecode.swift; path = BluesnapSDKExampleUITests.swift; sourceTree = "<group>"; };
		2D4E27A41E8808A800C56C46 /* Info.plist */ = {isa = PBXFileReference; lastKnownFileType = text.plist.xml; path = Info.plist; sourceTree = "<group>"; };
		2DC57DD61EF2DB2000CD6946 /* BluesnapSDKExample.entitlements */ = {isa = PBXFileReference; lastKnownFileType = text.plist.entitlements; path = BluesnapSDKExample.entitlements; sourceTree = "<group>"; };
		2DD7F1051E8822A4002C5571 /* BluesnapSDK.framework */ = {isa = PBXFileReference; lastKnownFileType = wrapper.framework; path = BluesnapSDK.framework; sourceTree = BUILT_PRODUCTS_DIR; };
		2DD7F10D1E88245C002C5571 /* BluesnapSDK.xcodeproj */ = {isa = PBXFileReference; lastKnownFileType = "wrapper.pb-project"; name = BluesnapSDK.xcodeproj; path = ../BluesnapSDK/BluesnapSDK.xcodeproj; sourceTree = "<group>"; };
		3C4E68941D1C882B3AE350E9 /* CoreText.framework */ = {isa = PBXFileReference; lastKnownFileType = wrapper.framework; name = CoreText.framework; path = System/Library/Frameworks/CoreText.framework; sourceTree = SDKROOT; };
		57BBCD0E0159D220A2D83C91 /* CoreVideo.framework */ = {isa = PBXFileReference; lastKnownFileType = wrapper.framework; name = CoreVideo.framework; path = System/Library/Frameworks/CoreVideo.framework; sourceTree = SDKROOT; };
		5EE4EA591293E02F03418C9B /* AssetsLibrary.framework */ = {isa = PBXFileReference; lastKnownFileType = wrapper.framework; name = AssetsLibrary.framework; path = System/Library/Frameworks/AssetsLibrary.framework; sourceTree = SDKROOT; };
		8243E4BB77697B4BC726DFC1 /* AVFoundation.framework */ = {isa = PBXFileReference; lastKnownFileType = wrapper.framework; name = AVFoundation.framework; path = System/Library/Frameworks/AVFoundation.framework; sourceTree = SDKROOT; };
		BEEF86EB87F386F09F86E0A4 /* SystemConfiguration.framework */ = {isa = PBXFileReference; lastKnownFileType = wrapper.framework; name = SystemConfiguration.framework; path = System/Library/Frameworks/SystemConfiguration.framework; sourceTree = SDKROOT; };
		BFD5DA00E6D9D413F0E884C5 /* BuddyBuildSDK.framework */ = {isa = PBXFileReference; lastKnownFileType = wrapper.framework; path = BuddyBuildSDK.framework; sourceTree = "<group>"; };
		D4C1F041334E92065E9D2639 /* Bridging-Header.h */ = {isa = PBXFileReference; includeInIndex = 1; lastKnownFileType = sourcecode.c.h; path = "Bridging-Header.h"; sourceTree = "<group>"; };
		DD1DA5729FE41DCDE3370A44 /* QuartzCore.framework */ = {isa = PBXFileReference; lastKnownFileType = wrapper.framework; name = QuartzCore.framework; path = System/Library/Frameworks/QuartzCore.framework; sourceTree = SDKROOT; };
		F7A1D0EF03F84A1CE191C991 /* CoreMedia.framework */ = {isa = PBXFileReference; lastKnownFileType = wrapper.framework; name = CoreMedia.framework; path = System/Library/Frameworks/CoreMedia.framework; sourceTree = SDKROOT; };
		FD08882D1FA9E5B2001EED4C /* de */ = {isa = PBXFileReference; lastKnownFileType = text.plist.strings; name = de; path = de.lproj/Localizable.strings; sourceTree = "<group>"; };
		FD50228E1F6137A900C820AC /* BSPaymentTypeScreenUITestHelper.swift */ = {isa = PBXFileReference; fileEncoding = 4; lastKnownFileType = sourcecode.swift; path = BSPaymentTypeScreenUITestHelper.swift; sourceTree = "<group>"; };
		FD5022901F61399300C820AC /* BSPaymentScreenUITestHelper.swift */ = {isa = PBXFileReference; fileEncoding = 4; lastKnownFileType = sourcecode.swift; path = BSPaymentScreenUITestHelper.swift; sourceTree = "<group>"; };
		FD5022921F67AD6B00C820AC /* BSShippingScreenUITestHelper.swift */ = {isa = PBXFileReference; fileEncoding = 4; lastKnownFileType = sourcecode.swift; path = BSShippingScreenUITestHelper.swift; sourceTree = "<group>"; };
		FD5B44431E881FB100507A98 /* BluesnapSDK.framework */ = {isa = PBXFileReference; lastKnownFileType = wrapper.framework; name = BluesnapSDK.framework; path = "../../../../Library/Developer/Xcode/DerivedData/BluesnapIOS-furswmzhhushocevhthezmvziaep/Build/Products/Debug-iphonesimulator/BluesnapSDK.framework"; sourceTree = "<group>"; };
		FD6479ED1FB44D6D00403E7D /* BSExistingCcScreenUITestHelper.swift */ = {isa = PBXFileReference; fileEncoding = 4; lastKnownFileType = sourcecode.swift; path = BSExistingCcScreenUITestHelper.swift; sourceTree = "<group>"; };
		FD68146E1F405EAD00FAE1ED /* Base */ = {isa = PBXFileReference; lastKnownFileType = text.plist.strings; name = Base; path = Base.lproj/Localizable.strings; sourceTree = "<group>"; };
		FD89AB631EB6038600A1B257 /* DemoTransactions.swift */ = {isa = PBXFileReference; fileEncoding = 4; lastKnownFileType = sourcecode.swift; path = DemoTransactions.swift; sourceTree = "<group>"; };
		FDF2217B1F25CAB10078217C /* ThankYouViewController.swift */ = {isa = PBXFileReference; fileEncoding = 4; lastKnownFileType = sourcecode.swift; path = ThankYouViewController.swift; sourceTree = "<group>"; };
		FDF8D73E1F7A76B300CE19A5 /* sq */ = {isa = PBXFileReference; lastKnownFileType = text.plist.strings; name = sq; path = sq.lproj/Localizable.strings; sourceTree = "<group>"; };
		FDF8D73F1F7A76F000CE19A5 /* bg */ = {isa = PBXFileReference; lastKnownFileType = text.plist.strings; name = bg; path = bg.lproj/Localizable.strings; sourceTree = "<group>"; };
		FDF8D7401F7A770A00CE19A5 /* zh-Hans */ = {isa = PBXFileReference; lastKnownFileType = text.plist.strings; name = "zh-Hans"; path = "zh-Hans.lproj/Localizable.strings"; sourceTree = "<group>"; };
		FDF8D7411F7A771900CE19A5 /* cs */ = {isa = PBXFileReference; lastKnownFileType = text.plist.strings; name = cs; path = cs.lproj/Localizable.strings; sourceTree = "<group>"; };
		FDF8D7421F7A772600CE19A5 /* da */ = {isa = PBXFileReference; lastKnownFileType = text.plist.strings; name = da; path = da.lproj/Localizable.strings; sourceTree = "<group>"; };
		FDF8D7431F7A773300CE19A5 /* nl */ = {isa = PBXFileReference; lastKnownFileType = text.plist.strings; name = nl; path = nl.lproj/Localizable.strings; sourceTree = "<group>"; };
		FDF8D7441F7A773F00CE19A5 /* fi */ = {isa = PBXFileReference; lastKnownFileType = text.plist.strings; name = fi; path = fi.lproj/Localizable.strings; sourceTree = "<group>"; };
		FDF8D7451F7A774A00CE19A5 /* fr */ = {isa = PBXFileReference; lastKnownFileType = text.plist.strings; name = fr; path = fr.lproj/Localizable.strings; sourceTree = "<group>"; };
		FDF8D7461F7A775500CE19A5 /* hu */ = {isa = PBXFileReference; lastKnownFileType = text.plist.strings; name = hu; path = hu.lproj/Localizable.strings; sourceTree = "<group>"; };
		FDF8D7471F7A776400CE19A5 /* it */ = {isa = PBXFileReference; lastKnownFileType = text.plist.strings; name = it; path = it.lproj/Localizable.strings; sourceTree = "<group>"; };
		FDF8D7481F7A778100CE19A5 /* ja */ = {isa = PBXFileReference; lastKnownFileType = text.plist.strings; name = ja; path = ja.lproj/Localizable.strings; sourceTree = "<group>"; };
		FDF8D7491F7A779300CE19A5 /* ko */ = {isa = PBXFileReference; lastKnownFileType = text.plist.strings; name = ko; path = ko.lproj/Localizable.strings; sourceTree = "<group>"; };
		FDF8D74A1F7A77B900CE19A5 /* lt */ = {isa = PBXFileReference; lastKnownFileType = text.plist.strings; name = lt; path = lt.lproj/Localizable.strings; sourceTree = "<group>"; };
		FDF8D74B1F7A77D700CE19A5 /* nb */ = {isa = PBXFileReference; lastKnownFileType = text.plist.strings; name = nb; path = nb.lproj/Localizable.strings; sourceTree = "<group>"; };
		FDF8D74C1F7A77E700CE19A5 /* pl */ = {isa = PBXFileReference; lastKnownFileType = text.plist.strings; name = pl; path = pl.lproj/Localizable.strings; sourceTree = "<group>"; };
		FDF8D74D1F7A780900CE19A5 /* pt */ = {isa = PBXFileReference; lastKnownFileType = text.plist.strings; name = pt; path = pt.lproj/Localizable.strings; sourceTree = "<group>"; };
		FDF8D74E1F7A781400CE19A5 /* ru */ = {isa = PBXFileReference; lastKnownFileType = text.plist.strings; name = ru; path = ru.lproj/Localizable.strings; sourceTree = "<group>"; };
		FDF8D74F1F7A782C00CE19A5 /* sr */ = {isa = PBXFileReference; lastKnownFileType = text.plist.strings; name = sr; path = sr.lproj/Localizable.strings; sourceTree = "<group>"; };
		FDF8D7501F7A783500CE19A5 /* sk */ = {isa = PBXFileReference; lastKnownFileType = text.plist.strings; name = sk; path = sk.lproj/Localizable.strings; sourceTree = "<group>"; };
		FDF8D7511F7A783F00CE19A5 /* es */ = {isa = PBXFileReference; lastKnownFileType = text.plist.strings; name = es; path = es.lproj/Localizable.strings; sourceTree = "<group>"; };
		FDF8D7521F7A784800CE19A5 /* sv */ = {isa = PBXFileReference; lastKnownFileType = text.plist.strings; name = sv; path = sv.lproj/Localizable.strings; sourceTree = "<group>"; };
		FDF8D7531F7A785000CE19A5 /* tr */ = {isa = PBXFileReference; lastKnownFileType = text.plist.strings; name = tr; path = tr.lproj/Localizable.strings; sourceTree = "<group>"; };
/* End PBXFileReference section */

/* Begin PBXFrameworksBuildPhase section */
		2D4E277C1E8808A700C56C46 /* Frameworks */ = {
			isa = PBXFrameworksBuildPhase;
			buildActionMask = 2147483647;
			files = (
				2DD7F1161E8824FB002C5571 /* BluesnapSDK.framework in Frameworks */,
				D4BF8F684D49EBF26C3471C0 /* BuddyBuildSDK.framework in Frameworks */,
				2BD8416A4F3F56397FBFF85B /* AssetsLibrary.framework in Frameworks */,
				926D45929502286419E25FCB /* CoreText.framework in Frameworks */,
				656BC4430E7C9FD3E9BFA1EB /* CoreTelephony.framework in Frameworks */,
				4D5CEB2F763E1F3F19524806 /* SystemConfiguration.framework in Frameworks */,
				1FB16770CD40F56A72395E64 /* QuartzCore.framework in Frameworks */,
				57D13E882064A676F993C974 /* AVFoundation.framework in Frameworks */,
				6A0D56668683F67E8BCFD6EC /* CoreMedia.framework in Frameworks */,
				E09E73F9DBF6074864644F11 /* CoreVideo.framework in Frameworks */,
			);
			runOnlyForDeploymentPostprocessing = 0;
		};
		2D4E27901E8808A800C56C46 /* Frameworks */ = {
			isa = PBXFrameworksBuildPhase;
			buildActionMask = 2147483647;
			files = (
			);
			runOnlyForDeploymentPostprocessing = 0;
		};
		2D4E279B1E8808A800C56C46 /* Frameworks */ = {
			isa = PBXFrameworksBuildPhase;
			buildActionMask = 2147483647;
			files = (
			);
			runOnlyForDeploymentPostprocessing = 0;
		};
/* End PBXFrameworksBuildPhase section */

/* Begin PBXGroup section */
		2D374F501E88122500AE2A81 /* Frameworks */ = {
			isa = PBXGroup;
			children = (
				2DD7F1051E8822A4002C5571 /* BluesnapSDK.framework */,
				FD5B44431E881FB100507A98 /* BluesnapSDK.framework */,
				2D374F511E88122500AE2A81 /* BluesnapSDK.framework */,
				BFD5DA00E6D9D413F0E884C5 /* BuddyBuildSDK.framework */,
				5EE4EA591293E02F03418C9B /* AssetsLibrary.framework */,
				3C4E68941D1C882B3AE350E9 /* CoreText.framework */,
				0C7795A84BCD9A86582908E6 /* CoreTelephony.framework */,
				BEEF86EB87F386F09F86E0A4 /* SystemConfiguration.framework */,
				DD1DA5729FE41DCDE3370A44 /* QuartzCore.framework */,
				8243E4BB77697B4BC726DFC1 /* AVFoundation.framework */,
				F7A1D0EF03F84A1CE191C991 /* CoreMedia.framework */,
				57BBCD0E0159D220A2D83C91 /* CoreVideo.framework */,
			);
			name = Frameworks;
			sourceTree = "<group>";
		};
		2D4E27761E8808A700C56C46 = {
			isa = PBXGroup;
			children = (
				2DD7F10D1E88245C002C5571 /* BluesnapSDK.xcodeproj */,
				2D4E27811E8808A700C56C46 /* BluesnapSDKExample */,
				2D4E27961E8808A800C56C46 /* BluesnapSDKExampleTests */,
				2D4E27A11E8808A800C56C46 /* BluesnapSDKExampleUITests */,
				2D4E27801E8808A700C56C46 /* Products */,
				2D374F501E88122500AE2A81 /* Frameworks */,
				D4C1F041334E92065E9D2639 /* Bridging-Header.h */,
			);
			sourceTree = "<group>";
		};
		2D4E27801E8808A700C56C46 /* Products */ = {
			isa = PBXGroup;
			children = (
				2D4E277F1E8808A700C56C46 /* BluesnapSDKExample.app */,
				2D4E27931E8808A800C56C46 /* BluesnapSDKExampleTests.xctest */,
				2D4E279E1E8808A800C56C46 /* BluesnapSDKExampleUITests.xctest */,
			);
			name = Products;
			sourceTree = "<group>";
		};
		2D4E27811E8808A700C56C46 /* BluesnapSDKExample */ = {
			isa = PBXGroup;
			children = (
				2DC57DD61EF2DB2000CD6946 /* BluesnapSDKExample.entitlements */,
				2D4E27821E8808A700C56C46 /* AppDelegate.swift */,
				2D4E27841E8808A700C56C46 /* ViewController.swift */,
				FDF2217B1F25CAB10078217C /* ThankYouViewController.swift */,
				2D4E27861E8808A700C56C46 /* Main.storyboard */,
				2D4E27891E8808A700C56C46 /* Assets.xcassets */,
				2D4E278B1E8808A700C56C46 /* LaunchScreen.storyboard */,
				2D4E278E1E8808A700C56C46 /* Info.plist */,
				FD89AB631EB6038600A1B257 /* DemoTransactions.swift */,
				FD68146F1F405EAD00FAE1ED /* Localizable.strings */,
			);
			path = BluesnapSDKExample;
			sourceTree = "<group>";
		};
		2D4E27961E8808A800C56C46 /* BluesnapSDKExampleTests */ = {
			isa = PBXGroup;
			children = (
				2D4E27971E8808A800C56C46 /* BluesnapSDKExampleTests.swift */,
				2D4E27991E8808A800C56C46 /* Info.plist */,
			);
			path = BluesnapSDKExampleTests;
			sourceTree = "<group>";
		};
		2D4E27A11E8808A800C56C46 /* BluesnapSDKExampleUITests */ = {
			isa = PBXGroup;
			children = (
				2D4E27A21E8808A800C56C46 /* BluesnapSDKExampleUITests.swift */,
				2D4E27A41E8808A800C56C46 /* Info.plist */,
				FD50228E1F6137A900C820AC /* BSPaymentTypeScreenUITestHelper.swift */,
				FD5022901F61399300C820AC /* BSPaymentScreenUITestHelper.swift */,
				FD5022921F67AD6B00C820AC /* BSShippingScreenUITestHelper.swift */,
				FD6479ED1FB44D6D00403E7D /* BSExistingCcScreenUITestHelper.swift */,
			);
			path = BluesnapSDKExampleUITests;
			sourceTree = "<group>";
		};
		2DD7F10E1E88245C002C5571 /* Products */ = {
			isa = PBXGroup;
			children = (
				2DD7F1131E88245D002C5571 /* BluesnapSDK.framework */,
				2DD7F1151E88245D002C5571 /* BluesnapSDKTests.xctest */,
			);
			name = Products;
			sourceTree = "<group>";
		};
/* End PBXGroup section */

/* Begin PBXNativeTarget section */
		2D4E277E1E8808A700C56C46 /* BluesnapSDKExample */ = {
			isa = PBXNativeTarget;
			buildConfigurationList = 2D4E27A71E8808A800C56C46 /* Build configuration list for PBXNativeTarget "BluesnapSDKExample" */;
			buildPhases = (
				2D4E277B1E8808A700C56C46 /* Sources */,
				2D4E277C1E8808A700C56C46 /* Frameworks */,
				2D4E277D1E8808A700C56C46 /* Resources */,
				2DD7F11B1E882505002C5571 /* Embed Frameworks */,
			);
			buildRules = (
			);
			dependencies = (
				2DD7F11A1E882504002C5571 /* PBXTargetDependency */,
			);
			name = BluesnapSDKExample;
			productName = BluesnapSDKExample;
			productReference = 2D4E277F1E8808A700C56C46 /* BluesnapSDKExample.app */;
			productType = "com.apple.product-type.application";
		};
		2D4E27921E8808A800C56C46 /* BluesnapSDKExampleTests */ = {
			isa = PBXNativeTarget;
			buildConfigurationList = 2D4E27AA1E8808A800C56C46 /* Build configuration list for PBXNativeTarget "BluesnapSDKExampleTests" */;
			buildPhases = (
				2D4E278F1E8808A800C56C46 /* Sources */,
				2D4E27901E8808A800C56C46 /* Frameworks */,
				2D4E27911E8808A800C56C46 /* Resources */,
			);
			buildRules = (
			);
			dependencies = (
				2D4E27951E8808A800C56C46 /* PBXTargetDependency */,
			);
			name = BluesnapSDKExampleTests;
			productName = BluesnapSDKExampleTests;
			productReference = 2D4E27931E8808A800C56C46 /* BluesnapSDKExampleTests.xctest */;
			productType = "com.apple.product-type.bundle.unit-test";
		};
		2D4E279D1E8808A800C56C46 /* BluesnapSDKExampleUITests */ = {
			isa = PBXNativeTarget;
			buildConfigurationList = 2D4E27AD1E8808A800C56C46 /* Build configuration list for PBXNativeTarget "BluesnapSDKExampleUITests" */;
			buildPhases = (
				2D4E279A1E8808A800C56C46 /* Sources */,
				2D4E279B1E8808A800C56C46 /* Frameworks */,
				2D4E279C1E8808A800C56C46 /* Resources */,
			);
			buildRules = (
			);
			dependencies = (
				2D4E27A01E8808A800C56C46 /* PBXTargetDependency */,
			);
			name = BluesnapSDKExampleUITests;
			productName = BluesnapSDKExampleUITests;
			productReference = 2D4E279E1E8808A800C56C46 /* BluesnapSDKExampleUITests.xctest */;
			productType = "com.apple.product-type.bundle.ui-testing";
		};
/* End PBXNativeTarget section */

/* Begin PBXProject section */
		2D4E27771E8808A700C56C46 /* Project object */ = {
			isa = PBXProject;
			attributes = {
				LastSwiftUpdateCheck = 0820;
				LastUpgradeCheck = 0830;
				ORGANIZATIONNAME = Bluesnap;
				TargetAttributes = {
					2D4E277E1E8808A700C56C46 = {
						CreatedOnToolsVersion = 8.2.1;
						DevelopmentTeam = AYTGDKG3D8;
						LastSwiftMigration = 0930;
						ProvisioningStyle = Manual;
						SystemCapabilities = {
							com.apple.ApplePay = {
								enabled = 1;
							};
						};
					};
					2D4E27921E8808A800C56C46 = {
						CreatedOnToolsVersion = 8.2.1;
						DevelopmentTeam = AYTGDKG3D8;
						LastSwiftMigration = 0930;
						ProvisioningStyle = Automatic;
						TestTargetID = 2D4E277E1E8808A700C56C46;
					};
					2D4E279D1E8808A800C56C46 = {
						CreatedOnToolsVersion = 8.2.1;
						DevelopmentTeam = AYTGDKG3D8;
						LastSwiftMigration = 0930;
						ProvisioningStyle = Automatic;
						TestTargetID = 2D4E277E1E8808A700C56C46;
					};
				};
			};
			buildConfigurationList = 2D4E277A1E8808A700C56C46 /* Build configuration list for PBXProject "BluesnapSDKExample" */;
			compatibilityVersion = "Xcode 6.3";
			developmentRegion = English;
			hasScannedForEncodings = 0;
			knownRegions = (
				en,
				Base,
				sq,
				bg,
				"zh-Hans",
				cs,
				da,
				nl,
				fi,
				fr,
				hu,
				it,
				ja,
				ko,
				lt,
				nb,
				pl,
				pt,
				ru,
				sr,
				sk,
				es,
				sv,
				tr,
				de,
			);
			mainGroup = 2D4E27761E8808A700C56C46;
			productRefGroup = 2D4E27801E8808A700C56C46 /* Products */;
			projectDirPath = "";
			projectReferences = (
				{
					ProductGroup = 2DD7F10E1E88245C002C5571 /* Products */;
					ProjectRef = 2DD7F10D1E88245C002C5571 /* BluesnapSDK.xcodeproj */;
				},
			);
			projectRoot = "";
			targets = (
				2D4E277E1E8808A700C56C46 /* BluesnapSDKExample */,
				2D4E27921E8808A800C56C46 /* BluesnapSDKExampleTests */,
				2D4E279D1E8808A800C56C46 /* BluesnapSDKExampleUITests */,
			);
		};
/* End PBXProject section */

/* Begin PBXReferenceProxy section */
		2DD7F1131E88245D002C5571 /* BluesnapSDK.framework */ = {
			isa = PBXReferenceProxy;
			fileType = wrapper.framework;
			path = BluesnapSDK.framework;
			remoteRef = 2DD7F1121E88245D002C5571 /* PBXContainerItemProxy */;
			sourceTree = BUILT_PRODUCTS_DIR;
		};
		2DD7F1151E88245D002C5571 /* BluesnapSDKTests.xctest */ = {
			isa = PBXReferenceProxy;
			fileType = wrapper.cfbundle;
			path = BluesnapSDKTests.xctest;
			remoteRef = 2DD7F1141E88245D002C5571 /* PBXContainerItemProxy */;
			sourceTree = BUILT_PRODUCTS_DIR;
		};
/* End PBXReferenceProxy section */

/* Begin PBXResourcesBuildPhase section */
		2D4E277D1E8808A700C56C46 /* Resources */ = {
			isa = PBXResourcesBuildPhase;
			buildActionMask = 2147483647;
			files = (
				2D4E278D1E8808A700C56C46 /* LaunchScreen.storyboard in Resources */,
				FD68146D1F405EAD00FAE1ED /* Localizable.strings in Resources */,
				2D4E278A1E8808A700C56C46 /* Assets.xcassets in Resources */,
				2D4E27881E8808A700C56C46 /* Main.storyboard in Resources */,
			);
			runOnlyForDeploymentPostprocessing = 0;
		};
		2D4E27911E8808A800C56C46 /* Resources */ = {
			isa = PBXResourcesBuildPhase;
			buildActionMask = 2147483647;
			files = (
			);
			runOnlyForDeploymentPostprocessing = 0;
		};
		2D4E279C1E8808A800C56C46 /* Resources */ = {
			isa = PBXResourcesBuildPhase;
			buildActionMask = 2147483647;
			files = (
			);
			runOnlyForDeploymentPostprocessing = 0;
		};
/* End PBXResourcesBuildPhase section */

/* Begin PBXSourcesBuildPhase section */
		2D4E277B1E8808A700C56C46 /* Sources */ = {
			isa = PBXSourcesBuildPhase;
			buildActionMask = 2147483647;
			files = (
				2D4E27851E8808A700C56C46 /* ViewController.swift in Sources */,
				FDF2217C1F25CAB10078217C /* ThankYouViewController.swift in Sources */,
				2D4E27831E8808A700C56C46 /* AppDelegate.swift in Sources */,
				FD89AB641EB6038600A1B257 /* DemoTransactions.swift in Sources */,
			);
			runOnlyForDeploymentPostprocessing = 0;
		};
		2D4E278F1E8808A800C56C46 /* Sources */ = {
			isa = PBXSourcesBuildPhase;
			buildActionMask = 2147483647;
			files = (
				2D4E27981E8808A800C56C46 /* BluesnapSDKExampleTests.swift in Sources */,
			);
			runOnlyForDeploymentPostprocessing = 0;
		};
		2D4E279A1E8808A800C56C46 /* Sources */ = {
			isa = PBXSourcesBuildPhase;
			buildActionMask = 2147483647;
			files = (
				FD50228F1F6137A900C820AC /* BSPaymentTypeScreenUITestHelper.swift in Sources */,
				2D4E27A31E8808A800C56C46 /* BluesnapSDKExampleUITests.swift in Sources */,
				FD5022931F67AD6B00C820AC /* BSShippingScreenUITestHelper.swift in Sources */,
				FD6479EE1FB44D6D00403E7D /* BSExistingCcScreenUITestHelper.swift in Sources */,
				FD5022911F61399300C820AC /* BSPaymentScreenUITestHelper.swift in Sources */,
			);
			runOnlyForDeploymentPostprocessing = 0;
		};
/* End PBXSourcesBuildPhase section */

/* Begin PBXTargetDependency section */
		2D4E27951E8808A800C56C46 /* PBXTargetDependency */ = {
			isa = PBXTargetDependency;
			target = 2D4E277E1E8808A700C56C46 /* BluesnapSDKExample */;
			targetProxy = 2D4E27941E8808A800C56C46 /* PBXContainerItemProxy */;
		};
		2D4E27A01E8808A800C56C46 /* PBXTargetDependency */ = {
			isa = PBXTargetDependency;
			target = 2D4E277E1E8808A700C56C46 /* BluesnapSDKExample */;
			targetProxy = 2D4E279F1E8808A800C56C46 /* PBXContainerItemProxy */;
		};
		2DD7F11A1E882504002C5571 /* PBXTargetDependency */ = {
			isa = PBXTargetDependency;
			name = BluesnapSDK;
			targetProxy = 2DD7F1191E882504002C5571 /* PBXContainerItemProxy */;
		};
/* End PBXTargetDependency section */

/* Begin PBXVariantGroup section */
		2D4E27861E8808A700C56C46 /* Main.storyboard */ = {
			isa = PBXVariantGroup;
			children = (
				2D4E27871E8808A700C56C46 /* Base */,
			);
			name = Main.storyboard;
			sourceTree = "<group>";
		};
		2D4E278B1E8808A700C56C46 /* LaunchScreen.storyboard */ = {
			isa = PBXVariantGroup;
			children = (
				2D4E278C1E8808A700C56C46 /* Base */,
			);
			name = LaunchScreen.storyboard;
			sourceTree = "<group>";
		};
		FD68146F1F405EAD00FAE1ED /* Localizable.strings */ = {
			isa = PBXVariantGroup;
			children = (
				FD68146E1F405EAD00FAE1ED /* Base */,
				FDF8D73E1F7A76B300CE19A5 /* sq */,
				FDF8D73F1F7A76F000CE19A5 /* bg */,
				FDF8D7401F7A770A00CE19A5 /* zh-Hans */,
				FDF8D7411F7A771900CE19A5 /* cs */,
				FDF8D7421F7A772600CE19A5 /* da */,
				FDF8D7431F7A773300CE19A5 /* nl */,
				FDF8D7441F7A773F00CE19A5 /* fi */,
				FDF8D7451F7A774A00CE19A5 /* fr */,
				FDF8D7461F7A775500CE19A5 /* hu */,
				FDF8D7471F7A776400CE19A5 /* it */,
				FDF8D7481F7A778100CE19A5 /* ja */,
				FDF8D7491F7A779300CE19A5 /* ko */,
				FDF8D74A1F7A77B900CE19A5 /* lt */,
				FDF8D74B1F7A77D700CE19A5 /* nb */,
				FDF8D74C1F7A77E700CE19A5 /* pl */,
				FDF8D74D1F7A780900CE19A5 /* pt */,
				FDF8D74E1F7A781400CE19A5 /* ru */,
				FDF8D74F1F7A782C00CE19A5 /* sr */,
				FDF8D7501F7A783500CE19A5 /* sk */,
				FDF8D7511F7A783F00CE19A5 /* es */,
				FDF8D7521F7A784800CE19A5 /* sv */,
				FDF8D7531F7A785000CE19A5 /* tr */,
				FD08882D1FA9E5B2001EED4C /* de */,
			);
			name = Localizable.strings;
			sourceTree = "<group>";
		};
/* End PBXVariantGroup section */

/* Begin XCBuildConfiguration section */
		2D4E27A51E8808A800C56C46 /* Debug */ = {
			isa = XCBuildConfiguration;
			buildSettings = {
				ALWAYS_SEARCH_USER_PATHS = NO;
				CLANG_ANALYZER_LOCALIZABILITY_NONLOCALIZED = YES;
				CLANG_ANALYZER_NONNULL = YES;
				CLANG_CXX_LANGUAGE_STANDARD = "gnu++0x";
				CLANG_CXX_LIBRARY = "libc++";
				CLANG_ENABLE_MODULES = YES;
				CLANG_ENABLE_OBJC_ARC = YES;
				CLANG_WARN_BOOL_CONVERSION = YES;
				CLANG_WARN_CONSTANT_CONVERSION = YES;
				CLANG_WARN_DIRECT_OBJC_ISA_USAGE = YES_ERROR;
				CLANG_WARN_DOCUMENTATION_COMMENTS = YES;
				CLANG_WARN_EMPTY_BODY = YES;
				CLANG_WARN_ENUM_CONVERSION = YES;
				CLANG_WARN_INFINITE_RECURSION = YES;
				CLANG_WARN_INT_CONVERSION = YES;
				CLANG_WARN_OBJC_ROOT_CLASS = YES_ERROR;
				CLANG_WARN_SUSPICIOUS_MOVE = YES;
				CLANG_WARN_UNREACHABLE_CODE = YES;
				CLANG_WARN__DUPLICATE_METHOD_MATCH = YES;
				"CODE_SIGN_IDENTITY[sdk=iphoneos*]" = "iPhone Developer";
				COPY_PHASE_STRIP = NO;
				DEBUG_INFORMATION_FORMAT = dwarf;
				ENABLE_STRICT_OBJC_MSGSEND = YES;
				ENABLE_TESTABILITY = YES;
				FRAMEWORK_SEARCH_PATHS = "$(BUILT_PRODUCTS_DIR)/**";
				GCC_C_LANGUAGE_STANDARD = gnu99;
				GCC_DYNAMIC_NO_PIC = NO;
				GCC_NO_COMMON_BLOCKS = YES;
				GCC_OPTIMIZATION_LEVEL = 0;
				GCC_PREPROCESSOR_DEFINITIONS = (
					"DEBUG=1",
					"$(inherited)",
				);
				GCC_WARN_64_TO_32_BIT_CONVERSION = YES;
				GCC_WARN_ABOUT_RETURN_TYPE = YES_ERROR;
				GCC_WARN_UNDECLARED_SELECTOR = YES;
				GCC_WARN_UNINITIALIZED_AUTOS = YES_AGGRESSIVE;
				GCC_WARN_UNUSED_FUNCTION = YES;
				GCC_WARN_UNUSED_VARIABLE = YES;
				IPHONEOS_DEPLOYMENT_TARGET = 9.0;
				MTL_ENABLE_DEBUG_INFO = YES;
				ONLY_ACTIVE_ARCH = YES;
				SDKROOT = iphoneos;
				SWIFT_ACTIVE_COMPILATION_CONDITIONS = DEBUG;
				SWIFT_OPTIMIZATION_LEVEL = "-Onone";
				TARGETED_DEVICE_FAMILY = "1,2";
			};
			name = Debug;
		};
		2D4E27A61E8808A800C56C46 /* Release */ = {
			isa = XCBuildConfiguration;
			buildSettings = {
				ALWAYS_SEARCH_USER_PATHS = NO;
				CLANG_ANALYZER_LOCALIZABILITY_NONLOCALIZED = YES;
				CLANG_ANALYZER_NONNULL = YES;
				CLANG_CXX_LANGUAGE_STANDARD = "gnu++0x";
				CLANG_CXX_LIBRARY = "libc++";
				CLANG_ENABLE_MODULES = YES;
				CLANG_ENABLE_OBJC_ARC = YES;
				CLANG_WARN_BOOL_CONVERSION = YES;
				CLANG_WARN_CONSTANT_CONVERSION = YES;
				CLANG_WARN_DIRECT_OBJC_ISA_USAGE = YES_ERROR;
				CLANG_WARN_DOCUMENTATION_COMMENTS = YES;
				CLANG_WARN_EMPTY_BODY = YES;
				CLANG_WARN_ENUM_CONVERSION = YES;
				CLANG_WARN_INFINITE_RECURSION = YES;
				CLANG_WARN_INT_CONVERSION = YES;
				CLANG_WARN_OBJC_ROOT_CLASS = YES_ERROR;
				CLANG_WARN_SUSPICIOUS_MOVE = YES;
				CLANG_WARN_UNREACHABLE_CODE = YES;
				CLANG_WARN__DUPLICATE_METHOD_MATCH = YES;
				"CODE_SIGN_IDENTITY[sdk=iphoneos*]" = "iPhone Developer";
				COPY_PHASE_STRIP = NO;
				DEBUG_INFORMATION_FORMAT = "dwarf-with-dsym";
				ENABLE_NS_ASSERTIONS = NO;
				ENABLE_STRICT_OBJC_MSGSEND = YES;
				FRAMEWORK_SEARCH_PATHS = "$(BUILT_PRODUCTS_DIR)/**";
				GCC_C_LANGUAGE_STANDARD = gnu99;
				GCC_NO_COMMON_BLOCKS = YES;
				GCC_WARN_64_TO_32_BIT_CONVERSION = YES;
				GCC_WARN_ABOUT_RETURN_TYPE = YES_ERROR;
				GCC_WARN_UNDECLARED_SELECTOR = YES;
				GCC_WARN_UNINITIALIZED_AUTOS = YES_AGGRESSIVE;
				GCC_WARN_UNUSED_FUNCTION = YES;
				GCC_WARN_UNUSED_VARIABLE = YES;
				IPHONEOS_DEPLOYMENT_TARGET = 9.0;
				MTL_ENABLE_DEBUG_INFO = NO;
				SDKROOT = iphoneos;
				SWIFT_OPTIMIZATION_LEVEL = "-Owholemodule";
				TARGETED_DEVICE_FAMILY = "1,2";
				VALIDATE_PRODUCT = YES;
			};
			name = Release;
		};
		2D4E27A81E8808A800C56C46 /* Debug */ = {
			isa = XCBuildConfiguration;
			buildSettings = {
				ALWAYS_EMBED_SWIFT_STANDARD_LIBRARIES = YES;
				ASSETCATALOG_COMPILER_APPICON_NAME = AppIcon;
				CODE_SIGN_ENTITLEMENTS = BluesnapSDKExample/BluesnapSDKExample.entitlements;
				"CODE_SIGN_IDENTITY[sdk=iphoneos*]" = "iPhone Developer";
				DEVELOPMENT_TEAM = AYTGDKG3D8;
				FRAMEWORK_SEARCH_PATHS = (
					"$(inherited)",
					"$(PROJECT_DIR)",
				);
				"FRAMEWORK_SEARCH_PATHS[arch=*]" = " $(PROJECT_DIR)";
				INFOPLIST_FILE = BluesnapSDKExample/Info.plist;
				IPHONEOS_DEPLOYMENT_TARGET = 9.0;
				LD_RUNPATH_SEARCH_PATHS = "$(inherited) @executable_path/Frameworks";
				LIBRARY_SEARCH_PATHS = "\"${PROJECT_DIR}/../../../Downloads\"/**";
				PRODUCT_BUNDLE_IDENTIFIER = com.bluesnap.BluesnapSDKExample;
				PRODUCT_NAME = "$(TARGET_NAME)";
				PROVISIONING_PROFILE = "3036489d-a96c-4f67-ac05-d095078854d4";
				PROVISIONING_PROFILE_SPECIFIER = "ios-sdk-exmaple";
				SWIFT_OBJC_BRIDGING_HEADER = "Bridging-Header.h";
				SWIFT_SWIFT3_OBJC_INFERENCE = On;
				SWIFT_VERSION = 4.0;
			};
			name = Debug;
		};
		2D4E27A91E8808A800C56C46 /* Release */ = {
			isa = XCBuildConfiguration;
			buildSettings = {
				ALWAYS_EMBED_SWIFT_STANDARD_LIBRARIES = YES;
				ASSETCATALOG_COMPILER_APPICON_NAME = AppIcon;
				CODE_SIGN_ENTITLEMENTS = BluesnapSDKExample/BluesnapSDKExample.entitlements;
				DEVELOPMENT_TEAM = AYTGDKG3D8;
				FRAMEWORK_SEARCH_PATHS = (
					"$(inherited)",
					"$(PROJECT_DIR)",
				);
				INFOPLIST_FILE = BluesnapSDKExample/Info.plist;
				IPHONEOS_DEPLOYMENT_TARGET = 9.0;
				LD_RUNPATH_SEARCH_PATHS = "$(inherited) @executable_path/Frameworks";
				LIBRARY_SEARCH_PATHS = "\"${PROJECT_DIR}/../../../Downloads\"/**";
				PRODUCT_BUNDLE_IDENTIFIER = com.bluesnap.BluesnapSDKExample;
				PRODUCT_NAME = "$(TARGET_NAME)";
				PROVISIONING_PROFILE = "3036489d-a96c-4f67-ac05-d095078854d4";
				PROVISIONING_PROFILE_SPECIFIER = "ios-sdk-exmaple";
				SWIFT_OBJC_BRIDGING_HEADER = "Bridging-Header.h";
				SWIFT_SWIFT3_OBJC_INFERENCE = On;
				SWIFT_VERSION = 4.0;
			};
			name = Release;
		};
		2D4E27AB1E8808A800C56C46 /* Debug */ = {
			isa = XCBuildConfiguration;
			buildSettings = {
				ALWAYS_EMBED_SWIFT_STANDARD_LIBRARIES = YES;
				BUNDLE_LOADER = "$(TEST_HOST)";
				DEVELOPMENT_TEAM = AYTGDKG3D8;
				INFOPLIST_FILE = BluesnapSDKExampleTests/Info.plist;
				LD_RUNPATH_SEARCH_PATHS = "$(inherited) @executable_path/Frameworks @loader_path/Frameworks";
				PRODUCT_BUNDLE_IDENTIFIER = com.bluesnap.BluesnapSDKExampleTests;
				PRODUCT_NAME = "$(TARGET_NAME)";
				SWIFT_SWIFT3_OBJC_INFERENCE = On;
				SWIFT_VERSION = 4.0;
				TEST_HOST = "$(BUILT_PRODUCTS_DIR)/BluesnapSDKExample.app/BluesnapSDKExample";
			};
			name = Debug;
		};
		2D4E27AC1E8808A800C56C46 /* Release */ = {
			isa = XCBuildConfiguration;
			buildSettings = {
				ALWAYS_EMBED_SWIFT_STANDARD_LIBRARIES = YES;
				BUNDLE_LOADER = "$(TEST_HOST)";
				DEVELOPMENT_TEAM = AYTGDKG3D8;
				INFOPLIST_FILE = BluesnapSDKExampleTests/Info.plist;
				LD_RUNPATH_SEARCH_PATHS = "$(inherited) @executable_path/Frameworks @loader_path/Frameworks";
				PRODUCT_BUNDLE_IDENTIFIER = com.bluesnap.BluesnapSDKExampleTests;
				PRODUCT_NAME = "$(TARGET_NAME)";
				SWIFT_SWIFT3_OBJC_INFERENCE = On;
				SWIFT_VERSION = 4.0;
				TEST_HOST = "$(BUILT_PRODUCTS_DIR)/BluesnapSDKExample.app/BluesnapSDKExample";
			};
			name = Release;
		};
		2D4E27AE1E8808A800C56C46 /* Debug */ = {
			isa = XCBuildConfiguration;
			buildSettings = {
				ALWAYS_EMBED_SWIFT_STANDARD_LIBRARIES = YES;
				DEVELOPMENT_TEAM = AYTGDKG3D8;
				INFOPLIST_FILE = BluesnapSDKExampleUITests/Info.plist;
				LD_RUNPATH_SEARCH_PATHS = "$(inherited) @executable_path/Frameworks @loader_path/Frameworks";
				PRODUCT_BUNDLE_IDENTIFIER = com.bluesnap.BluesnapSDKExampleUITests;
				PRODUCT_NAME = "$(TARGET_NAME)";
				SWIFT_SWIFT3_OBJC_INFERENCE = On;
				SWIFT_VERSION = 4.0;
				TEST_TARGET_NAME = BluesnapSDKExample;
			};
			name = Debug;
		};
		2D4E27AF1E8808A800C56C46 /* Release */ = {
			isa = XCBuildConfiguration;
			buildSettings = {
				ALWAYS_EMBED_SWIFT_STANDARD_LIBRARIES = YES;
				DEVELOPMENT_TEAM = AYTGDKG3D8;
				INFOPLIST_FILE = BluesnapSDKExampleUITests/Info.plist;
				LD_RUNPATH_SEARCH_PATHS = "$(inherited) @executable_path/Frameworks @loader_path/Frameworks";
				PRODUCT_BUNDLE_IDENTIFIER = com.bluesnap.BluesnapSDKExampleUITests;
				PRODUCT_NAME = "$(TARGET_NAME)";
				SWIFT_SWIFT3_OBJC_INFERENCE = On;
				SWIFT_VERSION = 4.0;
				TEST_TARGET_NAME = BluesnapSDKExample;
			};
			name = Release;
		};
/* End XCBuildConfiguration section */

/* Begin XCConfigurationList section */
		2D4E277A1E8808A700C56C46 /* Build configuration list for PBXProject "BluesnapSDKExample" */ = {
			isa = XCConfigurationList;
			buildConfigurations = (
				2D4E27A51E8808A800C56C46 /* Debug */,
				2D4E27A61E8808A800C56C46 /* Release */,
			);
			defaultConfigurationIsVisible = 0;
			defaultConfigurationName = Debug;
		};
		2D4E27A71E8808A800C56C46 /* Build configuration list for PBXNativeTarget "BluesnapSDKExample" */ = {
			isa = XCConfigurationList;
			buildConfigurations = (
				2D4E27A81E8808A800C56C46 /* Debug */,
				2D4E27A91E8808A800C56C46 /* Release */,
			);
			defaultConfigurationIsVisible = 0;
			defaultConfigurationName = Debug;
		};
		2D4E27AA1E8808A800C56C46 /* Build configuration list for PBXNativeTarget "BluesnapSDKExampleTests" */ = {
			isa = XCConfigurationList;
			buildConfigurations = (
				2D4E27AB1E8808A800C56C46 /* Debug */,
				2D4E27AC1E8808A800C56C46 /* Release */,
			);
			defaultConfigurationIsVisible = 0;
			defaultConfigurationName = Debug;
		};
		2D4E27AD1E8808A800C56C46 /* Build configuration list for PBXNativeTarget "BluesnapSDKExampleUITests" */ = {
			isa = XCConfigurationList;
			buildConfigurations = (
				2D4E27AE1E8808A800C56C46 /* Debug */,
				2D4E27AF1E8808A800C56C46 /* Release */,
			);
			defaultConfigurationIsVisible = 0;
			defaultConfigurationName = Debug;
		};
/* End XCConfigurationList section */
	};
	rootObject = 2D4E27771E8808A700C56C46 /* Project object */;
}
